---
lockfileVersion: '9.0'

importers:

  .:
    configDependencies: {}
    packageManagerDependencies:
      '@pnpm/exe':
        specifier: 11.19.0
        version: 11.19.0
      pnpm:
        specifier: 11.19.0
        version: 11.19.0

packages:

  '@pnpm/exe@11.19.0':
    resolution: {integrity: sha512-P1mw8BZaNkEpttlyzKsxTj7PVs94bMB4cQ8pJhgbrCTSBP7xCzKS3VlOwIInS7aS5by6KAbfO5Vs9yK/ekugrg==}
    hasBin: true

  '@pnpm/linux-arm64@11.19.0':
    resolution: {integrity: sha512-c5AJqnsj0BMqMCOtctOzsCqyfY+afFe1kdM9F2FrNhYwtnQRMHoJy+51qfee4yuTPOVRyk3Yh1dwvyAadiznvA==}
    cpu: [arm64]
    os: [linux]

  '@pnpm/linux-x64@11.19.0':
    resolution: {integrity: sha512-KOKpA9o75SvmRQgWO+EqEpQzJg1b9uHk5y61PAx90sSpdYtKDPua2eBXBglzv8YK1xM3DsYXFEf7Scs+3HeDsA==}
    cpu: [x64]
    os: [linux]

  '@pnpm/linuxstatic-arm64@11.19.0':
    resolution: {integrity: sha512-Ci9WxgCInZc3F43R6BfaHevi+dYqaI5CLi6421egFsK649eHvYPytvu+zABhTNlYGNJbD8j9w+AUYInz/TPsyQ==}
    cpu: [arm64]
    os: [linux]
    libc: [musl]

  '@pnpm/linuxstatic-x64@11.19.0':
    resolution: {integrity: sha512-GNMk96vNJ4uEWigekarjHofXNDFsTYRL0Mw2YlDkv/W+u0cn/UAVPHfd5aAfsf6Arel2ZQfxPUTXlpunFujWnA==}
    cpu: [x64]
    os: [linux]
    libc: [musl]

  '@pnpm/macos-arm64@11.19.0':
    resolution: {integrity: sha512-I3Ee/GQlPxEOeBSzqxBNwcTHxVebjMiN2xLdTBS6OK2TAPzbWMIExjU5brxhr8rAk73p7mbv/a/2tFC/3gl6FA==}
    cpu: [arm64]
    os: [darwin]

  '@pnpm/win-arm64@11.19.0':
    resolution: {integrity: sha512-rOiWuJ9wjaFY9ZDVPGVjpvjIQHZNB72rioxvuyzDKJ7dqKQ97VF27a4rmOtjhMB5u83cdDGEJ+OY+H1+TP+frw==}
    cpu: [arm64]
    os: [win32]

  '@pnpm/win-x64@11.19.0':
    resolution: {integrity: sha512-l26XeTxoGxfU+mVcZ5jFdP9hNe5yrOlLPSkAlwwpXPI1iyyU4JUSxm6Jdyxu1UAU1FerD/BvLK2vrlR6d9ogag==}
    cpu: [x64]
    os: [win32]

  '@reflink/reflink-darwin-arm64@0.1.19':
    resolution: {integrity: sha512-ruy44Lpepdk1FqDz38vExBY/PVUsjxZA+chd9wozjUH9JjuDT/HEaQYA6wYN9mf041l0yLVar6BCZuWABJvHSA==}
    engines: {node: '>= 10'}
    cpu: [arm64]
    os: [darwin]

  '@reflink/reflink-darwin-x64@0.1.19':
    resolution: {integrity: sha512-By85MSWrMZa+c26TcnAy8SDk0sTUkYlNnwknSchkhHpGXOtjNDUOxJE9oByBnGbeuIE1PiQsxDG3Ud+IVV9yuA==}
    engines: {node: '>= 10'}
    cpu: [x64]
    os: [darwin]

  '@reflink/reflink-linux-arm64-gnu@0.1.19':
    resolution: {integrity: sha512-7P+er8+rP9iNeN+bfmccM4hTAaLP6PQJPKWSA4iSk2bNvo6KU6RyPgYeHxXmzNKzPVRcypZQTpFgstHam6maVg==}
    engines: {node: '>= 10'}
    cpu: [arm64]
    os: [linux]
    libc: [glibc]

  '@reflink/reflink-linux-arm64-musl@0.1.19':
    resolution: {integrity: sha512-37iO/Dp6m5DDaC2sf3zPtx/hl9FV3Xze4xoYidrxxS9bgP3S8ALroxRK6xBG/1TtfXKTvolvp+IjrUU6ujIGmA==}
    engines: {node: '>= 10'}
    cpu: [arm64]
    os: [linux]
    libc: [musl]

  '@reflink/reflink-linux-x64-gnu@0.1.19':
    resolution: {integrity: sha512-jbI8jvuYCaA3MVUdu8vLoLAFqC+iNMpiSuLbxlAgg7x3K5bsS8nOpTRnkLF7vISJ+rVR8W+7ThXlXlUQ93ulkw==}
    engines: {node: '>= 10'}
    cpu: [x64]
    os: [linux]
    libc: [glibc]

  '@reflink/reflink-linux-x64-musl@0.1.19':
    resolution: {integrity: sha512-e9FBWDe+lv7QKAwtKOt6A2W/fyy/aEEfr0g6j/hWzvQcrzHCsz07BNQYlNOjTfeytrtLU7k449H1PI95jA4OjQ==}
    engines: {node: '>= 10'}
    cpu: [x64]
    os: [linux]
    libc: [musl]

  '@reflink/reflink-win32-arm64-msvc@0.1.19':
    resolution: {integrity: sha512-09PxnVIQcd+UOn4WAW73WU6PXL7DwGS6wPlkMhMg2zlHHG65F3vHepOw06HFCq+N42qkaNAc8AKIabWvtk6cIQ==}
    engines: {node: '>= 10'}
    cpu: [arm64]
    os: [win32]

  '@reflink/reflink-win32-x64-msvc@0.1.19':
    resolution: {integrity: sha512-E//yT4ni2SyhwP8JRjVGWr3cbnhWDiPLgnQ66qqaanjjnMiu3O/2tjCPQXlcGc/DEYofpDc9fvhv6tALQsMV9w==}
    engines: {node: '>= 10'}
    cpu: [x64]
    os: [win32]

  '@reflink/reflink@0.1.19':
    resolution: {integrity: sha512-DmCG8GzysnCZ15bres3N5AHCmwBwYgp0As6xjhQ47rAUTUXxJiK+lLUxaGsX3hd/30qUpVElh05PbGuxRPgJwA==}
    engines: {node: '>= 10'}

  detect-libc@2.1.2:
    resolution: {integrity: sha512-Btj2BOOO83o3WyH59e8MgXsxEQVcarkUOpEYrubB0urwnN10yQ364rsiByU11nZlqWYZm05i/of7io4mzihBtQ==}
    engines: {node: '>=8'}

  pnpm@11.19.0:
    resolution: {integrity: sha512-eIHz7VkNRyxKlV4riLISF5ERYGbcyIy8o4SeybYPG7qm0syyIfqR2k4cZb7yvL43k2Wup6xTnHv4be3DobItzg==}
    engines: {node: '>=22.13'}
    hasBin: true

snapshots:

  '@pnpm/exe@11.19.0':
    dependencies:
      '@reflink/reflink': 0.1.19
      detect-libc: 2.1.2
    optionalDependencies:
      '@pnpm/linux-arm64': 11.19.0
      '@pnpm/linux-x64': 11.19.0
      '@pnpm/linuxstatic-arm64': 11.19.0
      '@pnpm/linuxstatic-x64': 11.19.0
      '@pnpm/macos-arm64': 11.19.0
      '@pnpm/win-arm64': 11.19.0
      '@pnpm/win-x64': 11.19.0

  '@pnpm/linux-arm64@11.19.0':
    optional: true

  '@pnpm/linux-x64@11.19.0':
    optional: true

  '@pnpm/linuxstatic-arm64@11.19.0':
    optional: true

  '@pnpm/linuxstatic-x64@11.19.0':
    optional: true

  '@pnpm/macos-arm64@11.19.0':
    optional: true

  '@pnpm/win-arm64@11.19.0':
    optional: true

  '@pnpm/win-x64@11.19.0':
    optional: true

  '@reflink/reflink-darwin-arm64@0.1.19':
    optional: true

  '@reflink/reflink-darwin-x64@0.1.19':
    optional: true

  '@reflink/reflink-linux-arm64-gnu@0.1.19':
    optional: true

  '@reflink/reflink-linux-arm64-musl@0.1.19':
    optional: true

  '@reflink/reflink-linux-x64-gnu@0.1.19':
    optional: true

  '@reflink/reflink-linux-x64-musl@0.1.19':
    optional: true

  '@reflink/reflink-win32-arm64-msvc@0.1.19':
    optional: true

  '@reflink/reflink-win32-x64-msvc@0.1.19':
    optional: true

  '@reflink/reflink@0.1.19':
    optionalDependencies:
      '@reflink/reflink-darwin-arm64': 0.1.19
      '@reflink/reflink-darwin-x64': 0.1.19
      '@reflink/reflink-linux-arm64-gnu': 0.1.19
      '@reflink/reflink-linux-arm64-musl': 0.1.19
      '@reflink/reflink-linux-x64-gnu': 0.1.19
      '@reflink/reflink-linux-x64-musl': 0.1.19
      '@reflink/reflink-win32-arm64-msvc': 0.1.19
      '@reflink/reflink-win32-x64-msvc': 0.1.19

  detect-libc@2.1.2: {}

  pnpm@11.19.0: {}

---
lockfileVersion: '9.0'

settings:
  autoInstallPeers: true
  excludeLinksFromLockfile: false

importers:

  .:
    dependencies:
      node:
        specifier: runtime:^24.19.0
        version: runtime:24.19.0
      pinia:
        specifier: ^4.0.2
        version: 4.0.2(@vue/devtools-api@8.2.1)(vue@3.5.40)
      vue:
        specifier: ^3.5.40
        version: 3.5.40
      vue-color:
        specifier: ^3.3.3
        version: 3.3.3(vue@3.5.40)
    devDependencies:
      '@vitejs/plugin-vue':
        specifier: ^6.0.8
        version: 6.0.8(vite@8.2.0)(vue@3.5.40)
      '@vue/compiler-sfc':
        specifier: ^3.5.40
        version: 3.5.40
      vite:
        specifier: ^8.2.0
        version: 8.2.0

packages:

  '@babel/helper-string-parser@7.29.7':
    resolution: {integrity: sha512-Pb5ijPrZ89GDH8223L4UP8i6QApWxs04RbPQJTeWDV0/keR2E36MeKnyr6LYmUUvqRRI+Iv87SuF1W6ErINzYw==}
    engines: {node: '>=6.9.0'}

  '@babel/helper-validator-identifier@7.29.7':
    resolution: {integrity: sha512-qehxGkRj55h/ff8EMaJ+cYhyaKlHIxqYDn682wQD7RNp9UujOQsHog2uS0r2vzr4pW+sXf90NeeayjcNaX3fFg==}
    engines: {node: '>=6.9.0'}

  '@babel/parser@7.29.8':
    resolution: {integrity: sha512-E8lTAYNB1KW+FH+VGJuZM1ioAx2E6oVlvQFRrf5P8ZZmsiJXYAD9vTFV7yyEURNzgh1dFqMZuO6tUwcARbqFCA==}
    engines: {node: '>=6.0.0'}
    hasBin: true

  '@babel/types@7.29.8':
    resolution: {integrity: sha512-Vj1jF3cPfxg7OAfoI7QnVKLoILlm2JF9pnVHrX8qx7AHMiYWT+NDAA7jChlNgRS4WTLc/fD1lXLmPixluj+3Gg==}
    engines: {node: '>=6.9.0'}

  '@emnapi/core@2.0.0-alpha.3':
    resolution: {integrity: sha512-AZypUeJ/yByuxyS7BlSNRDOMLMlROYtjYdIAuBmJssVz1UJDSeYxLrdizhXCFYhedC5bqd/ASy8EuNXbVVXp9g==}

  '@emnapi/runtime@2.0.0-alpha.3':
    resolution: {integrity: sha512-hFPAhMUjJD9BSyCANEISPOogeXC9Zo9ZQl7L6vKnaVsMkCtzznaW/naYypeyl0Gv5rYfWYsZbpixTMpjDJzQeA==}

  '@emnapi/wasi-threads@2.0.1':
    resolution: {integrity: sha512-9DsSk+o5NBX0CCJT8s0EROGSGxjR/tKu6aBTaVyq+SjAEQH4XcdcRxPBRzsBLizTTJ49MJjF+jgu3qnO9GLQcQ==}

  '@jridgewell/sourcemap-codec@1.5.5':
    resolution: {integrity: sha512-cYQ9310grqxueWbl+WuIUIaiUaDcj7WOq5fVhEljNVgRfOUhY9fy2zTvfoqWsnebh8Sl70VScFbICvJnLKB0Og==}

  '@napi-rs/wasm-runtime@1.2.2':
    resolution: {integrity: sha512-JfB4kuJQjaoHuCTseIINHtHWeJnvgEcxjwA5t/Y00ZgaOO1Crz3fjT/p8kT28zA/Caz7oiUMn3d6H2yOVCVwuw==}
    engines: {node: ^20.19.0 || ^22.13.0 || >=23.5.0}
    peerDependencies:
      '@emnapi/core': ^1.7.1 || ^2.0.0-alpha.3
      '@emnapi/runtime': ^1.7.1 || ^2.0.0-alpha.3

  '@oxc-project/types@0.142.0':
    resolution: {integrity: sha512-7W+2q5AKQVU36fkaryontrHn3YDt1RyUYXatw9i5H8ocYe2sPKSFB6eS8WNPeRKiN1qAWWZUPm7gwFzJGrccqQ==}

  '@rolldown/binding-android-arm64@1.2.1':
    resolution: {integrity: sha512-02hOeOSryYxVrOIphmLAsqnCJWxwlzFk+pEt/N/i6OgT3lShHO7xGCU5cpgchRDHboAEbSjzgGh+O/u1GswQmA==}
    engines: {node: ^20.19.0 || >=22.12.0}
    cpu: [arm64]
    os: [android]

  '@rolldown/binding-darwin-arm64@1.2.1':
    resolution: {integrity: sha512-fMsTOnN0OjFm3CyppWPitKnc8UlliVARUULW6cfU6AIqjdtgmSFWSk9vecHzZduv/yMWIHDlRhM1e8Iff9uAfA==}
    engines: {node: ^20.19.0 || >=22.12.0}
    cpu: [arm64]
    os: [darwin]

  '@rolldown/binding-darwin-x64@1.2.1':
    resolution: {integrity: sha512-1wjKdz/XLGKHaTNHjQveQ/B23TKx4ItAqm1JbyVuvNPc4Ze0Fb48s49TAd/2zcplPl8okE/UbTgmlVfwT7eFeQ==}
    engines: {node: ^20.19.0 || >=22.12.0}
    cpu: [x64]
    os: [darwin]

  '@rolldown/binding-freebsd-x64@1.2.1':
    resolution: {integrity: sha512-Fa0jHR07E7YBN4vOEsbVf2briYNsuOowfLJaXULZM0ldMlaCaj2LJgLMbMe4iacRyZmvR8efFhgR9wKuGclQUg==}
    engines: {node: ^20.19.0 || >=22.12.0}
    cpu: [x64]
    os: [freebsd]

  '@rolldown/binding-linux-arm-gnueabihf@1.2.1':
    resolution: {integrity: sha512-pzkgu1SSHGgRRyRZ4fbmSgmajbVt+epaLP99NDjFft69v/ypfTi6swBMiVdh2EkQ0OSnHE1lZDM7DRGkyAzUpA==}
    engines: {node: ^20.19.0 || >=22.12.0}
    cpu: [arm]
    os: [linux]

  '@rolldown/binding-linux-arm64-gnu@1.2.1':
    resolution: {integrity: sha512-QI5SEDY8cbiYWHx0VO4vIc3UlS6a32vXHjU8Qy/17adEmZIPuByJg13UEvo9c/UCiUkdcVWY83C+b+JrwnNyUg==}
    engines: {node: ^20.19.0 || >=22.12.0}
    cpu: [arm64]
    os: [linux]
    libc: [glibc]

  '@rolldown/binding-linux-arm64-musl@1.2.1':
    resolution: {integrity: sha512-Sm41FyCeXqmYcERoYOCbGIL5hNfd8w9LQ7Y61Bev48HkcjaJqV/iiVOaiDxjVTRMS+QKrZmD8cfPt4uMVnvM+A==}
    engines: {node: ^20.19.0 || >=22.12.0}
    cpu: [arm64]
    os: [linux]
    libc: [musl]

  '@rolldown/binding-linux-ppc64-gnu@1.2.1':
    resolution: {integrity: sha512-2x+WhXTGl9yJYPbltW/BSEPTVz9OIWQyER4N+gJEDWkkn904eRcBzELqh/Hf7K0w/ubGbKNMv0ZC+94QK/IFEg==}
    engines: {node: ^20.19.0 || >=22.12.0}
    cpu: [ppc64]
    os: [linux]
    libc: [glibc]

  '@rolldown/binding-linux-s390x-gnu@1.2.1':
    resolution: {integrity: sha512-eEjmQpuRQayHPWWnywaWHkFT3ToPbP3RYy42VVd/B9aBGDA+Ol25EIWHxKQST3IiWJjikCWUF7KtbfqwZrzVwQ==}
    engines: {node: ^20.19.0 || >=22.12.0}
    cpu: [s390x]
    os: [linux]
    libc: [glibc]

  '@rolldown/binding-linux-x64-gnu@1.2.1':
    resolution: {integrity: sha512-/Orga1fZYkLc/56jBICcHrKchl8Z2UKdDSr3LG9ToWO1lQ6a4Livk9Xz+9WN91zsz5QR3XQz2NNoSDEvP6qadw==}
    engines: {node: ^20.19.0 || >=22.12.0}
    cpu: [x64]
    os: [linux]
    libc: [glibc]

  '@rolldown/binding-linux-x64-musl@1.2.1':
    resolution: {integrity: sha512-xxBJRL+0q0Kce7orznGWLuylHDY65vuARXZRpX+hPdv+DqK2c3NlCsVA98tlWzWNEE7yPqA/1NQ5nnCrj49Y5A==}
    engines: {node: ^20.19.0 || >=22.12.0}
    cpu: [x64]
    os: [linux]
    libc: [musl]

  '@rolldown/binding-openharmony-arm64@1.2.1':
    resolution: {integrity: sha512-M6AdXIXw3s+/8XpKMzdGDEXGS1S7kwUsy+rcTIUIOx5Ge4nXKCtAFHFV9YKkXvGcC5WMoTjAteLzlsQROVI0Yw==}
    engines: {node: ^20.19.0 || >=22.12.0}
    cpu: [arm64]
    os: [openharmony]

  '@rolldown/binding-wasm32-wasi@1.2.1':
    resolution: {integrity: sha512-/TX0SoRGojHzSAHpfVBbavRVSazg5U3h3Y3VXfcc0cdugq6kxdqw8LPGFiPr+/7gE/60zRcsOY2Vi9b9eT0jww==}
    engines: {node: ^20.19.0 || ^22.13.0 || >=23.5.0}

  '@rolldown/binding-win32-arm64-msvc@1.2.1':
    resolution: {integrity: sha512-EvRrivJieyHG+AO9lleZWgq+g0+S7oV2C51yuqlcyU/R9net+sI4Pj0F+lUoP2bEr6TWX3SqFaaS0SzfLxSzkw==}
    engines: {node: ^20.19.0 || >=22.12.0}
    cpu: [arm64]
    os: [win32]

  '@rolldown/binding-win32-x64-msvc@1.2.1':
    resolution: {integrity: sha512-Z4eCmn5QJ/5+azF9knpLWKfVd9aidn0mAe9TpJgvBLId9Ax3t0+JVxBmT25Bv7NBbVW1TZyKjQjQReouMeH5UQ==}
    engines: {node: ^20.19.0 || >=22.12.0}
    cpu: [x64]
    os: [win32]

  '@rolldown/pluginutils@1.0.1':
    resolution: {integrity: sha512-2j9bGt5Jh8hj+vPtgzPtl72j0yRxHAyumoo6TNfAjsLB04UtpSvPbPcDcBMxz7n+9CYB0c1GxQFxYRg2jimqGw==}

  '@tybys/wasm-util@0.10.3':
    resolution: {integrity: sha512-F3fo1MYrRJYL3zER0OUOmkutjr1Vp23m7OsSgp7nq4SP6OqX6C/56XFIPAl5bt3zaBRjmW7SGz3u/6LwFpYcOg==}

  '@vitejs/plugin-vue@6.0.8':
    resolution: {integrity: sha512-0ZjgOg7oO6farnNGup7yvoM/YXZV84OZxHAwtflItNa/6zzQyVb5LNxyea3FEKEX2XlagIKzrlH7wwxkKgtiew==}
    engines: {node: ^20.19.0 || >=22.12.0}
    peerDependencies:
      vite: ^5.0.0 || ^6.0.0 || ^7.0.0 || ^8.0.0
      vue: ^3.2.25

  '@vue/compiler-core@3.5.40':
    resolution: {integrity: sha512-39E8IgOhTbVDnoJFMKc2DvYnypcZwUqgUhQkccva/0m6FUwtIKSGV7n1hpVmYcFaoRAwf9pBcwnKlCEsN63ZEQ==}

  '@vue/compiler-dom@3.5.40':
    resolution: {integrity: sha512-pwkx4vqlqOspFstrcmzwkKLePVMD3PT65imRzLhanU2V1Fj4K13g6OXjanOyzw3aTAuRk84BOmY8f3rEHqPaVA==}

  '@vue/compiler-sfc@3.5.40':
    resolution: {integrity: sha512-gIf497P4kpuALcvs5n3AEg1Vdn0pSY4XbjASIfHNYF1/MP3T2Mf2STERTubysBxCRxzJGJYtF/O7vwJrxFB3Vw==}

  '@vue/compiler-ssr@3.5.40':
    resolution: {integrity: sha512-rrE5xiXG663+vHCHa3J9p2z5OcBRjXmoqenprJxAFQxg5pSshzeBiCE6pu46axapRJ2Adk0YDA2BRZVjiHXnhg==}

  '@vue/devtools-api@8.2.1':
    resolution: {integrity: sha512-6u4vXBlIBAC1wMplIZgpyPn7uh/s4Bf6F5bMzvLv+EdJ0aHs/+4B7Ygv864EStQSjRbsRzTko/kUG1A1IejQ3A==}

  '@vue/devtools-kit@8.2.1':
    resolution: {integrity: sha512-FIGIuq3AWReEpbAHY/cRGeHDfI0qOb8OCQ3YjbEAX04uaxIDbGc9rhkbVcG7rnfHPXE3RsU5KrWOu9V/okd8AQ==}

  '@vue/devtools-shared@8.2.1':
    resolution: {integrity: sha512-Fkac7lUdGReh6pVOi3AYPRGe82LQqRmAfThW7RRligOAP0ZA/Z1z9XLHDM9dv34pV2HRc79DK8uKPeG2fLnA/g==}

  '@vue/reactivity@3.5.40':
    resolution: {integrity: sha512-B7ot9UlUZOi1zbq61/LvE88ZLTV8IlajTdiZTAEiDQgrnIMIZoPr9kGw0Zw46ObW62O9+H/Be3kMbfb7kYPQZA==}

  '@vue/runtime-core@3.5.40':
    resolution: {integrity: sha512-KAZLweuZ6uUJPK1PMSQPgBU5gCjgrrfjUhSglmU9NhH+Zjepa8cnwSydPWDWHDwOgY4g3VcZ+PljbiHlURNCbw==}

  '@vue/runtime-dom@3.5.40':
    resolution: {integrity: sha512-ZfrX8ssZQds900L9pr8AuK05ddnMsR4MPMZr8cPN9GoqoPWcXLhjvvbIA2SMv+7a97sJ1vv9pj/zxK0Cq/eEFQ==}

  '@vue/server-renderer@3.5.40':
    resolution: {integrity: sha512-XNJym9WpevhTVt1HuwOrCRJ5Q+9z4BjTMrDtjTrvx74SmUll8spNTw6whWJa9mEkO4PKn5TihI/bm/8ds2QVJw==}

  '@vue/shared@3.5.40':
    resolution: {integrity: sha512-WxnBtruIqOoV3rA4jeKDWzrYI5h7Cp4+pjwDi8kWGHz+IslhiN+wguLVVhtv2l8VoU02rzDCVfDjgCl1lNpZVg==}

  birpc@2.9.0:
    resolution: {integrity: sha512-KrayHS5pBi69Xi9JmvoqrIgYGDkD6mcSe/i6YKi3w5kekCLzrX4+nawcXqrj2tIp50Kw/mT/s3p+GVK0A0sKxw==}

  csstype@3.2.3:
    resolution: {integrity: sha512-z1HGKcYy2xA8AGQfwrn0PAy+PB7X/GSj3UVJW9qKyn43xWa+gl5nXmU4qqLMRzWVLFC8KusUX8T/0kCiOYpAIQ==}

  detect-libc@2.1.2:
    resolution: {integrity: sha512-Btj2BOOO83o3WyH59e8MgXsxEQVcarkUOpEYrubB0urwnN10yQ364rsiByU11nZlqWYZm05i/of7io4mzihBtQ==}
    engines: {node: '>=8'}

  entities@7.0.1:
    resolution: {integrity: sha512-TWrgLOFUQTH994YUyl1yT4uyavY5nNB5muff+RtWaqNVCAK408b5ZnnbNAUEWLTCpum9w6arT70i1XdQ4UeOPA==}
    engines: {node: '>=0.12'}

  estree-walker@2.0.2:
    resolution: {integrity: sha512-Rfkk/Mp/DL7JVje3u18FxFujQlTNR2q6QfMSMB7AvCBx91NGj/ba3kCfza0f6dVDbw7YlRf/nDrn7pQrCCyQ/w==}

  fdir@6.5.0:
    resolution: {integrity: sha512-tIbYtZbucOs0BRGqPJkshJUYdL+SDH7dVM8gjy+ERp3WAUjLEFJE+02kanyHtwjWOnwrKYBiwAmM0p4kLJAnXg==}
    engines: {node: '>=12.0.0'}
    peerDependencies:
      picomatch: ^3 || ^4
    peerDependenciesMeta:
      picomatch:
        optional: true

  fsevents@2.3.3:
    resolution: {integrity: sha512-5xoDfX+fL7faATnagmWPpbFtwh/R77WmMMqqHGS65C3vvB0YHrgF+B1YmZ3441tMj5n63k0212XNoJwzlhffQw==}
    engines: {node: ^8.16.0 || ^10.6.0 || >=11.0.0}
    os: [darwin]

  hookable@5.5.3:
    resolution: {integrity: sha512-Yc+BQe8SvoXH1643Qez1zqLRmbA5rCL+sSmk6TVos0LWVfNIB7PGncdlId77WzLGSIB5KaWgTaNTs2lNVEI6VQ==}

  lightningcss-android-arm64@1.33.0:
    resolution: {integrity: sha512-gEpRTalKdosp4Bb8qWtc2iOgE5SeIHlpS1up9bFq2wAyYhl1UdTObYiHe98zEM9SQvSoqQZ1IQD0JNpg3Ml5pg==}
    engines: {node: '>= 12.0.0'}
    cpu: [arm64]
    os: [android]

  lightningcss-darwin-arm64@1.33.0:
    resolution: {integrity: sha512-Sciaz8eenNTKn9b3t7+xr0ipTp9YxKQY4npwQ3mrRuL0BAVHBLyZxofhaKBAVtzmtRZ/zTyo0/to4B1uWG/Djg==}
    engines: {node: '>= 12.0.0'}
    cpu: [arm64]
    os: [darwin]

  lightningcss-darwin-x64@1.33.0:
    resolution: {integrity: sha512-Z5UPAxzrjlWNNyGy6i65cJzzvgJ5D3T6wMvs+gWpY9d7qRhANrxqAp6LhxIgZhWEw18RfJTGcRxjuLIBr+m8XQ==}
    engines: {node: '>= 12.0.0'}
    cpu: [x64]
    os: [darwin]

  lightningcss-freebsd-x64@1.33.0:
    resolution: {integrity: sha512-QQM/Ti/hQajJwCY+RiWuCZ9sdtI/XQk7nDK5vC8kkdwixezOlDgvDx7+RT+QjK6FcFT4MpsuoBnHIo/O3StRRg==}
    engines: {node: '>= 12.0.0'}
    cpu: [x64]
    os: [freebsd]

  lightningcss-linux-arm-gnueabihf@1.33.0:
    resolution: {integrity: sha512-N7FVBe6iS24MlM6R/4RBTxGhQheZGs7tiQ9U32UtF75NzP5Q7xWPRqLBCKxlRQRk3rY1jCIPLzx7WzOhuUIRLQ==}
    engines: {node: '>= 12.0.0'}
    cpu: [arm]
    os: [linux]

  lightningcss-linux-arm64-gnu@1.33.0:
    resolution: {integrity: sha512-j2v/itmy4HlNxlc6voKXYgBqNi0Ng2LShg4z7GufpEgs05P+2suBVyi9I6YHq5uoVFx9ETin3eCEhLVyXGQnKg==}
    engines: {node: '>= 12.0.0'}
    cpu: [arm64]
    os: [linux]
    libc: [glibc]

  lightningcss-linux-arm64-musl@1.33.0:
    resolution: {integrity: sha512-yiO5ROMuYQgXbC60yjZU5CYSFZGKXL0HFATXt9mHJn1+zW55oCtMI9NfcVhYLMFDL7gV7oBPon/EmMMGg2OvtQ==}
    engines: {node: '>= 12.0.0'}
    cpu: [arm64]
    os: [linux]
    libc: [musl]

  lightningcss-linux-x64-gnu@1.33.0:
    resolution: {integrity: sha512-ar+Ju7LmcN0Jo4FpL4hpFybwNG9/3A/Br5KW2n2jyODg3MEZXaDYADdemoNS+BDNfMgKvylJLj4S5tyRActuAg==}
    engines: {node: '>= 12.0.0'}
    cpu: [x64]
    os: [linux]
    libc: [glibc]

  lightningcss-linux-x64-musl@1.33.0:
    resolution: {integrity: sha512-RYiYbkokw0trfKqqzfF55lginwEPrD3OJDfTuJzFs1MK6iFnDenaz1fqLLtX4ITG3OktJQXOeTaw1awrBAlZPw==}
    engines: {node: '>= 12.0.0'}
    cpu: [x64]
    os: [linux]
    libc: [musl]

  lightningcss-win32-arm64-msvc@1.33.0:
    resolution: {integrity: sha512-1K+MPfLSFVpphzpdbfkhlWk6wBrTObBzS2T6db10PNOZgR9GoVsAWzwNyuhUYYbTp23j+4RrncfujZ4uAzXvwA==}
    engines: {node: '>= 12.0.0'}
    cpu: [arm64]
    os: [win32]

  lightningcss-win32-x64-msvc@1.33.0:
    resolution: {integrity: sha512-OlEICDx/Xl0FqSp4bry8zFnCvGpig3Gl4gCquvYwHuqJKEC1+n9NgDniFvqHGmMv1ZkqDJrDqKKSykTDX+ehuA==}
    engines: {node: '>= 12.0.0'}
    cpu: [x64]
    os: [win32]

  lightningcss@1.33.0:
    resolution: {integrity: sha512-WkUDrojuJs0xkgGf2udWxa3yGBRxPtxUkB79i6aCZLRgc7PM8fZe9TosfPDcvEpQZbuFASnHYmRLBLUbmLOIIA==}
    engines: {node: '>= 12.0.0'}

  magic-string@0.30.21:
    resolution: {integrity: sha512-vd2F4YUyEXKGcLHoq+TEyCjxueSeHnFxyyjNp80yg0XV4vUhnDer/lvvlqM/arB5bXQN5K2/3oinyCRyx8T2CQ==}

  material-colors@1.2.6:
    resolution: {integrity: sha512-6qE4B9deFBIa9YSpOc9O0Sgc43zTeVYbgDT5veRKSlB2+ZuHNoVVxA1L/ckMUayV9Ay9y7Z/SZCLcGteW9i7bg==}

  nanoid@3.3.16:
    resolution: {integrity: sha512-bzlKTyNJ7+LdGIIwy8ijFpIqEQIvafahV7eYykJ8Cvh42EdJeODoJ6gUJXpQJvej1BddH8OqTXZNE/KfbWAu8Q==}
    engines: {node: ^10 || ^12 || ^13.7 || ^14 || >=15.0.1}
    hasBin: true

  node@runtime:24.19.0:
    resolution:
      type: variations
      variants:
        - resolution:
            archive: tarball
            bin:
              node: bin/node
            integrity: sha256-9ONcExZd5ogMqiVYwKpIyoitpH/iI0vtB9Ztu4CkfI0=
            type: binary
            url: https://nodejs.org/download/release/v24.19.0/node-v24.19.0-aix-ppc64.tar.gz
          targets:
            - cpu: ppc64
              os: aix
        - resolution:
            archive: tarball
            bin:
              node: bin/node
            integrity: sha256-gpS3qpsDmXSBwGur8eiycMhZNY8n2lehFQmv5TesOB0=
            type: binary
            url: https://nodejs.org/download/release/v24.19.0/node-v24.19.0-darwin-arm64.tar.gz
          targets:
            - cpu: arm64
              os: darwin
        - resolution:
            archive: tarball
            bin:
              node: bin/node
            integrity: sha256-0bXpmdsVjGL+j3JnpEdrA12L2TsaYFusJKPw3RZuMxY=
            type: binary
            url: https://nodejs.org/download/release/v24.19.0/node-v24.19.0-darwin-x64.tar.gz
          targets:
            - cpu: x64
              os: darwin
        - resolution:
            archive: tarball
            bin:
              node: bin/node
            integrity: sha256-0oyKW/CoCPDtQ0odzoxUrpjwNxwL2GrFirxhP3PmZD8=
            type: binary
            url: https://nodejs.org/download/release/v24.19.0/node-v24.19.0-linux-arm64.tar.gz
          targets:
            - cpu: arm64
              os: linux
        - resolution:
            archive: tarball
            bin:
              node: bin/node
            integrity: sha256-sxqMTLxYn5FS8y/bQxhGl1nhZViltdk7f/L7KHsBPbI=
            type: binary
            url: https://nodejs.org/download/release/v24.19.0/node-v24.19.0-linux-ppc64le.tar.gz
          targets:
            - cpu: ppc64le
              os: linux
        - resolution:
            archive: tarball
            bin:
              node: bin/node
            integrity: sha256-s6tqQ5KCjbn9TtloOY1VGIKSvMFYGVQtU74LEQDjMvw=
            type: binary
            url: https://nodejs.org/download/release/v24.19.0/node-v24.19.0-linux-s390x.tar.gz
          targets:
            - cpu: s390x
              os: linux
        - resolution:
            archive: tarball
            bin:
              node: bin/node
            integrity: sha256-9iXZfNcH30/5YlSRb7xf8BTwnAnv/loeDKj21BqHidQ=
            type: binary
            url: https://nodejs.org/download/release/v24.19.0/node-v24.19.0-linux-x64.tar.gz
          targets:
            - cpu: x64
              os: linux
        - resolution:
            archive: zip
            bin:
              node: node.exe
            integrity: sha256-hQL0pQtFjUzDjtjyABVWws0jnUZJIPdAF5Jsyx4cFX8=
            prefix: node-v24.19.0-win-arm64
            type: binary
            url: https://nodejs.org/download/release/v24.19.0/node-v24.19.0-win-arm64.zip
          targets:
            - cpu: arm64
              os: win32
        - resolution:
            archive: zip
            bin:
              node: node.exe
            integrity: sha256-V/cas2UueX2ErN3HnIHMn/HG3bKhl0zbg/AP7pv/THM=
            prefix: node-v24.19.0-win-x64
            type: binary
            url: https://nodejs.org/download/release/v24.19.0/node-v24.19.0-win-x64.zip
          targets:
            - cpu: x64
              os: win32
        - resolution:
            archive: tarball
            bin:
              node: bin/node
            integrity: sha256-xgIjeG3xSl0j4iDruOYDGPUyJkCmL5Dm2eVNOhjaUy4=
            type: binary
            url: https://unofficial-builds.nodejs.org/download/release/v24.19.0/node-v24.19.0-linux-x64-musl.tar.gz
          targets:
            - cpu: x64
              os: linux
              libc: musl
    version: 24.19.0
    hasBin: true

  nostics@1.2.0:
    resolution: {integrity: sha512-FGqEfhQjrvo1lL8KFifdTQiNwwQHJxC1jtYE1Rc54qF/jxONUNL+kC9gS1krX8Q65PgrQ5fCqH/I4NhWBvdSqg==}

  perfect-debounce@2.1.0:
    resolution: {integrity: sha512-LjgdTytVFXeUgtHZr9WYViYSM/g8MkcTPYDlPa3cDqMirHjKiSZPYd6DoL7pK8AJQr+uWkQvCjHNdiMqsrJs+g==}

  picocolors@1.1.1:
    resolution: {integrity: sha512-xceH2snhtb5M9liqDsmEw56le376mTZkEX/jEb/RxNFyegNul7eNslCXP9FDj/Lcu0X8KEyMceP2ntpaHrDEVA==}

  picomatch@4.0.5:
    resolution: {integrity: sha512-RvwwcruNjI1ncT5xRakeyS9Lf8lcItv34KD+aif+VH9kduAyfYBipGh12274xtenIPZ119/R9BdTBa8gAwSh0A==}
    engines: {node: '>=12'}

  pinia@4.0.2:
    resolution: {integrity: sha512-yKVVA7bSj5oRZFp/Ab9wLlmyb5gPUYEiIm4ryiWTe/xe7PtkRdMVOp1X1ggvq0c6Uj7Q0Du1HnV2mtAwM0Ks1g==}
    peerDependencies:
      '@vue/devtools-api': ^8.1.5
      typescript: '>=5.6.0'
      vue: ^3.5.11
    peerDependenciesMeta:
      typescript:
        optional: true

  postcss@8.5.25:
    resolution: {integrity: sha512-DTPx3RWSSnWyzLxQnlH0rJP+EW5ekl16ZU4/psbIhA0e53kJfdgaN5vKM+xP7yJtXVu+nfdVFmlgFDEKAe4Pyw==}
    engines: {node: ^10 || ^12 || >=14}

  rolldown@1.2.1:
    resolution: {integrity: sha512-4FKJhg8d3OiyQOA6Q1Q0hoFFpW9/OoX+VsHzpECsdsIZoOArrAK90gl59YK/Z+gnDel45bgJZK03ozH/9bCqEw==}
    engines: {node: ^20.19.0 || >=22.12.0}
    hasBin: true

  source-map-js@1.2.1:
    resolution: {integrity: sha512-UXWMKhLOwVKb728IUtQPXxfYU+usdybtUrK/8uGE8CQMvrhOpwvzDBwj0QhSL7MQc7vIsISBG8VQ8+IDQxpfQA==}
    engines: {node: '>=0.10.0'}

  tinycolor2@1.6.0:
    resolution: {integrity: sha512-XPaBkWQJdsf3pLKJV9p4qN/S+fm2Oj8AIPo1BTUhg5oxkvm9+SVEGFdhyOz7tTdUTfvxMiAs4sp6/eZO2Ew+pw==}

  tinyglobby@0.2.17:
    resolution: {integrity: sha512-wXR/dYpcqKmfWpEdZjiKJOwCNFndD0DMnrW/cYjVGttEkBfVgcLFHoNrlj47mjOVic9yyNu65alsgF4NQyTa2g==}
    engines: {node: '>=12.0.0'}

  tslib@2.8.1:
    resolution: {integrity: sha512-oJFu94HQb+KVduSUQL7wnpmqnfmLsOA/nAh6b6EH0wCEoK0/mPeXU6c3wKDV83MkOuHPRHtSXKKU99IBazS/2w==}

  vite@8.2.0:
    resolution: {integrity: sha512-pn+CFpM0lwDeKwmOq1ZaBK/9sjorZcgqxki6MbY/jPEVd9vichIlmlD4HmQ5wdP5EgqQCFRaACBxMC7uEGc6lQ==}
    engines: {node: ^20.19.0 || >=22.12.0}
    hasBin: true
    peerDependencies:
      '@types/node': ^20.19.0 || >=22.12.0
      '@vitejs/devtools': ^0.4.0
      esbuild: ^0.27.0 || ^0.28.0
      jiti: '>=1.21.0'
      less: ^4.0.0
      sass: ^1.70.0
      sass-embedded: ^1.70.0
      stylus: '>=0.54.8'
      sugarss: ^5.0.0
      terser: ^5.16.0
      tsx: ^4.8.1
      yaml: ^2.4.2
    peerDependenciesMeta:
      '@types/node':
        optional: true
      '@vitejs/devtools':
        optional: true
      esbuild:
        optional: true
      jiti:
        optional: true
      less:
        optional: true
      sass:
        optional: true
      sass-embedded:
        optional: true
      stylus:
        optional: true
      sugarss:
        optional: true
      terser:
        optional: true
      tsx:
        optional: true
      yaml:
        optional: true

  vue-color@3.3.3:
    resolution: {integrity: sha512-FW/9JXFbCHfFEGv6SFUuK/SE+K61pHoL7lxJMQXcU+Zt7s36Ui1/tMDc3vzGXPrxxRBB+NSzFt+71nEaUJ29dQ==}
    peerDependencies:
      vue: '>=2.7.0 <4.0.0'

  vue@3.5.40:
    resolution: {integrity: sha512-+8PJ4SJXdn/cHGImF4CKdxlWHIN5Dkt7DoufRREM6h6uVCx2m7QxgcEQmmzyOK8A9mcafg7sFbJFYsdFVubTig==}
    peerDependencies:
      typescript: '*'
    peerDependenciesMeta:
      typescript:
        optional: true

snapshots:

  '@babel/helper-string-parser@7.29.7': {}

  '@babel/helper-validator-identifier@7.29.7': {}

  '@babel/parser@7.29.8':
    dependencies:
      '@babel/types': 7.29.8

  '@babel/types@7.29.8':
    dependencies:
      '@babel/helper-string-parser': 7.29.7
      '@babel/helper-validator-identifier': 7.29.7

  '@emnapi/core@2.0.0-alpha.3':
    dependencies:
      '@emnapi/wasi-threads': 2.0.1
      tslib: 2.8.1
    optional: true

  '@emnapi/runtime@2.0.0-alpha.3':
    dependencies:
      tslib: 2.8.1
    optional: true

  '@emnapi/wasi-threads@2.0.1':
    dependencies:
      tslib: 2.8.1
    optional: true

  '@jridgewell/sourcemap-codec@1.5.5': {}

  '@napi-rs/wasm-runtime@1.2.2(@emnapi/core@2.0.0-alpha.3)(@emnapi/runtime@2.0.0-alpha.3)':
    dependencies:
      '@emnapi/core': 2.0.0-alpha.3
      '@emnapi/runtime': 2.0.0-alpha.3
      '@tybys/wasm-util': 0.10.3
    optional: true

  '@oxc-project/types@0.142.0': {}

  '@rolldown/binding-android-arm64@1.2.1':
    optional: true

  '@rolldown/binding-darwin-arm64@1.2.1':
    optional: true

  '@rolldown/binding-darwin-x64@1.2.1':
    optional: true

  '@rolldown/binding-freebsd-x64@1.2.1':
    optional: true

  '@rolldown/binding-linux-arm-gnueabihf@1.2.1':
    optional: true

  '@rolldown/binding-linux-arm64-gnu@1.2.1':
    optional: true

  '@rolldown/binding-linux-arm64-musl@1.2.1':
    optional: true

  '@rolldown/binding-linux-ppc64-gnu@1.2.1':
    optional: true

  '@rolldown/binding-linux-s390x-gnu@1.2.1':
    optional: true

  '@rolldown/binding-linux-x64-gnu@1.2.1':
    optional: true

  '@rolldown/binding-linux-x64-musl@1.2.1':
    optional: true

  '@rolldown/binding-openharmony-arm64@1.2.1':
    optional: true

  '@rolldown/binding-wasm32-wasi@1.2.1':
    dependencies:
      '@emnapi/core': 2.0.0-alpha.3
      '@emnapi/runtime': 2.0.0-alpha.3
      '@napi-rs/wasm-runtime': 1.2.2(@emnapi/core@2.0.0-alpha.3)(@emnapi/runtime@2.0.0-alpha.3)
    optional: true

  '@rolldown/binding-win32-arm64-msvc@1.2.1':
    optional: true

  '@rolldown/binding-win32-x64-msvc@1.2.1':
    optional: true

  '@rolldown/pluginutils@1.0.1': {}

  '@tybys/wasm-util@0.10.3':
    dependencies:
      tslib: 2.8.1
    optional: true

  '@vitejs/plugin-vue@6.0.8(vite@8.2.0)(vue@3.5.40)':
    dependencies:
      '@rolldown/pluginutils': 1.0.1
      vite: 8.2.0
      vue: 3.5.40

  '@vue/compiler-core@3.5.40':
    dependencies:
      '@babel/parser': 7.29.8
      '@vue/shared': 3.5.40
      entities: 7.0.1
      estree-walker: 2.0.2
      source-map-js: 1.2.1

  '@vue/compiler-dom@3.5.40':
    dependencies:
      '@vue/compiler-core': 3.5.40
      '@vue/shared': 3.5.40

  '@vue/compiler-sfc@3.5.40':
    dependencies:
      '@babel/parser': 7.29.8
      '@vue/compiler-core': 3.5.40
      '@vue/compiler-dom': 3.5.40
      '@vue/compiler-ssr': 3.5.40
      '@vue/shared': 3.5.40
      estree-walker: 2.0.2
      magic-string: 0.30.21
      postcss: 8.5.25
      source-map-js: 1.2.1

  '@vue/compiler-ssr@3.5.40':
    dependencies:
      '@vue/compiler-dom': 3.5.40
      '@vue/shared': 3.5.40

  '@vue/devtools-api@8.2.1':
    dependencies:
      '@vue/devtools-kit': 8.2.1

  '@vue/devtools-kit@8.2.1':
    dependencies:
      '@vue/devtools-shared': 8.2.1
      birpc: 2.9.0
      hookable: 5.5.3
      perfect-debounce: 2.1.0

  '@vue/devtools-shared@8.2.1': {}

  '@vue/reactivity@3.5.40':
    dependencies:
      '@vue/shared': 3.5.40

  '@vue/runtime-core@3.5.40':
    dependencies:
      '@vue/reactivity': 3.5.40
      '@vue/shared': 3.5.40

  '@vue/runtime-dom@3.5.40':
    dependencies:
      '@vue/reactivity': 3.5.40
      '@vue/runtime-core': 3.5.40
      '@vue/shared': 3.5.40
      csstype: 3.2.3

  '@vue/server-renderer@3.5.40':
    dependencies:
      '@vue/compiler-ssr': 3.5.40
      '@vue/runtime-dom': 3.5.40
      '@vue/shared': 3.5.40

  '@vue/shared@3.5.40': {}

  birpc@2.9.0: {}

  csstype@3.2.3: {}

  detect-libc@2.1.2: {}

  entities@7.0.1: {}

  estree-walker@2.0.2: {}

  fdir@6.5.0(picomatch@4.0.5):
    optionalDependencies:
      picomatch: 4.0.5

  fsevents@2.3.3:
    optional: true

  hookable@5.5.3: {}

  lightningcss-android-arm64@1.33.0:
    optional: true

  lightningcss-darwin-arm64@1.33.0:
    optional: true

  lightningcss-darwin-x64@1.33.0:
    optional: true

  lightningcss-freebsd-x64@1.33.0:
    optional: true

  lightningcss-linux-arm-gnueabihf@1.33.0:
    optional: true

  lightningcss-linux-arm64-gnu@1.33.0:
    optional: true

  lightningcss-linux-arm64-musl@1.33.0:
    optional: true

  lightningcss-linux-x64-gnu@1.33.0:
    optional: true

  lightningcss-linux-x64-musl@1.33.0:
    optional: true

  lightningcss-win32-arm64-msvc@1.33.0:
    optional: true

  lightningcss-win32-x64-msvc@1.33.0:
    optional: true

  lightningcss@1.33.0:
    dependencies:
      detect-libc: 2.1.2
    optionalDependencies:
      lightningcss-android-arm64: 1.33.0
      lightningcss-darwin-arm64: 1.33.0
      lightningcss-darwin-x64: 1.33.0
      lightningcss-freebsd-x64: 1.33.0
      lightningcss-linux-arm-gnueabihf: 1.33.0
      lightningcss-linux-arm64-gnu: 1.33.0
      lightningcss-linux-arm64-musl: 1.33.0
      lightningcss-linux-x64-gnu: 1.33.0
      lightningcss-linux-x64-musl: 1.33.0
      lightningcss-win32-arm64-msvc: 1.33.0
      lightningcss-win32-x64-msvc: 1.33.0

  magic-string@0.30.21:
    dependencies:
      '@jridgewell/sourcemap-codec': 1.5.5

  material-colors@1.2.6: {}

  nanoid@3.3.16: {}

  node@runtime:24.19.0: {}

  nostics@1.2.0: {}

  perfect-debounce@2.1.0: {}

  picocolors@1.1.1: {}

  picomatch@4.0.5: {}

  pinia@4.0.2(@vue/devtools-api@8.2.1)(vue@3.5.40):
    dependencies:
      '@vue/devtools-api': 8.2.1
      nostics: 1.2.0
      vue: 3.5.40

  postcss@8.5.25:
    dependencies:
      nanoid: 3.3.16
      picocolors: 1.1.1
      source-map-js: 1.2.1

  rolldown@1.2.1:
    dependencies:
      '@oxc-project/types': 0.142.0
      '@rolldown/pluginutils': 1.0.1
    optionalDependencies:
      '@rolldown/binding-android-arm64': 1.2.1
      '@rolldown/binding-darwin-arm64': 1.2.1
      '@rolldown/binding-darwin-x64': 1.2.1
      '@rolldown/binding-freebsd-x64': 1.2.1
      '@rolldown/binding-linux-arm-gnueabihf': 1.2.1
      '@rolldown/binding-linux-arm64-gnu': 1.2.1
      '@rolldown/binding-linux-arm64-musl': 1.2.1
      '@rolldown/binding-linux-ppc64-gnu': 1.2.1
      '@rolldown/binding-linux-s390x-gnu': 1.2.1
      '@rolldown/binding-linux-x64-gnu': 1.2.1
      '@rolldown/binding-linux-x64-musl': 1.2.1
      '@rolldown/binding-openharmony-arm64': 1.2.1
      '@rolldown/binding-wasm32-wasi': 1.2.1
      '@rolldown/binding-win32-arm64-msvc': 1.2.1
      '@rolldown/binding-win32-x64-msvc': 1.2.1

  source-map-js@1.2.1: {}

  tinycolor2@1.6.0: {}

  tinyglobby@0.2.17:
    dependencies:
      fdir: 6.5.0(picomatch@4.0.5)
      picomatch: 4.0.5

  tslib@2.8.1:
    optional: true

  vite@8.2.0:
    dependencies:
      lightningcss: 1.33.0
      picomatch: 4.0.5
      postcss: 8.5.25
      rolldown: 1.2.1
      tinyglobby: 0.2.17
    optionalDependencies:
      fsevents: 2.3.3

  vue-color@3.3.3(vue@3.5.40):
    dependencies:
      material-colors: 1.2.6
      tinycolor2: 1.6.0
      vue: 3.5.40

  vue@3.5.40:
    dependencies:
      '@vue/compiler-dom': 3.5.40
      '@vue/compiler-sfc': 3.5.40
      '@vue/runtime-dom': 3.5.40
      '@vue/server-renderer': 3.5.40
      '@vue/shared': 3.5.40
