---
lockfileVersion: '9.0'

importers:

  .:
    configDependencies: {}
    packageManagerDependencies:
      '@pnpm/exe':
        specifier: 11.5.0
        version: 11.5.0
      pnpm:
        specifier: 11.5.0
        version: 11.5.0

packages:

  '@pnpm/exe@11.5.0':
    resolution: {integrity: sha512-4hzOXq1HHrNPjwI8k1rt7Ot/Yrdx1JX3pn/L/M95ii1gid1Q6ZK6dVg4+gbSgUdPsYmYDZ4/Yfc0A7vd5C0ndg==}
    hasBin: true

  '@pnpm/linux-arm64@11.5.0':
    resolution: {integrity: sha512-NV9HdzzCB0epuI9LqZZeTaqjH3OweNQSQCS76GzEkFxJHS9e5Gvu7tgex91gxVL7bCZ+R4yr/3d3yexBFtr2ug==}
    cpu: [arm64]
    os: [linux]

  '@pnpm/linux-x64@11.5.0':
    resolution: {integrity: sha512-vH83rRx4iPk/bwm9pBVCn+5hXbcQI66I/4zk6Vc09SusJgTqOdbN4U6VhMcGIqSEdr901ksYGCyIbMv7f6Guew==}
    cpu: [x64]
    os: [linux]

  '@pnpm/linuxstatic-arm64@11.5.0':
    resolution: {integrity: sha512-2nOnMW1rSwGv22q2yZz1HlGT3ly/Ij8wUlX0NB4n+Krx7nETRHA3MgWsbkVejxHknDcTulRVudAghuX9rgrXcw==}
    cpu: [arm64]
    os: [linux]
    libc: [musl]

  '@pnpm/linuxstatic-x64@11.5.0':
    resolution: {integrity: sha512-ONOC1Mg0JusHtjzkRlre9di1QO+GAjy4HP7jMjDx21yGhrSheNdUweTXbekMH1EflRd19kTU6d8M3zewJFPtVg==}
    cpu: [x64]
    os: [linux]
    libc: [musl]

  '@pnpm/macos-arm64@11.5.0':
    resolution: {integrity: sha512-od0ALdTxs4A7s5vAH5q2l2phzCJb98+PVOW1rq7BGpWGeYxQ+EwvL+vq0KaO6iLsn/eVVoncCkgZ/k6QNYuTgw==}
    cpu: [arm64]
    os: [darwin]

  '@pnpm/win-arm64@11.5.0':
    resolution: {integrity: sha512-9HqbI80FjVVqFx4+EPxYYNfeP9Sx69W6kYqUDvOJn9G7RJ/2NNNQ898cVHTMpXlW1/PrMEcijmdpa/NjZIrWiQ==}
    cpu: [arm64]
    os: [win32]

  '@pnpm/win-x64@11.5.0':
    resolution: {integrity: sha512-Q89CQqFGAsWmfvHZs5Kbbar45q3GBYtfAdPUCiVMVNJoLi3dsBS2LCvUq8ak3AufkFDaJBpvhaFcDP2M1NXr3A==}
    cpu: [x64]
    os: [win32]

  '@reflink/reflink-darwin-arm64@0.1.19':
    resolution: {integrity: sha512-ruy44Lpepdk1FqDz38vExBY/PVUsjxZA+chd9wozjUH9JjuDT/HEaQYA6wYN9mf041l0yLVar6BCZuWABJvHSA==}
    engines: {node: '>= 10'}
    cpu: [arm64]
    os: [darwin]

  '@reflink/reflink-darwin-x64@0.1.19':
    resolution: {integrity: sha512-By85MSWrMZa+c26TcnAy8SDk0sTUkYlNnwknSchkhHpGXOtjNDUOxJE9oByBnGbeuIE1PiQsxDG3Ud+IVV9yuA==}
    engines: {node: '>= 10'}
    cpu: [x64]
    os: [darwin]

  '@reflink/reflink-linux-arm64-gnu@0.1.19':
    resolution: {integrity: sha512-7P+er8+rP9iNeN+bfmccM4hTAaLP6PQJPKWSA4iSk2bNvo6KU6RyPgYeHxXmzNKzPVRcypZQTpFgstHam6maVg==}
    engines: {node: '>= 10'}
    cpu: [arm64]
    os: [linux]
    libc: [glibc]

  '@reflink/reflink-linux-arm64-musl@0.1.19':
    resolution: {integrity: sha512-37iO/Dp6m5DDaC2sf3zPtx/hl9FV3Xze4xoYidrxxS9bgP3S8ALroxRK6xBG/1TtfXKTvolvp+IjrUU6ujIGmA==}
    engines: {node: '>= 10'}
    cpu: [arm64]
    os: [linux]
    libc: [musl]

  '@reflink/reflink-linux-x64-gnu@0.1.19':
    resolution: {integrity: sha512-jbI8jvuYCaA3MVUdu8vLoLAFqC+iNMpiSuLbxlAgg7x3K5bsS8nOpTRnkLF7vISJ+rVR8W+7ThXlXlUQ93ulkw==}
    engines: {node: '>= 10'}
    cpu: [x64]
    os: [linux]
    libc: [glibc]

  '@reflink/reflink-linux-x64-musl@0.1.19':
    resolution: {integrity: sha512-e9FBWDe+lv7QKAwtKOt6A2W/fyy/aEEfr0g6j/hWzvQcrzHCsz07BNQYlNOjTfeytrtLU7k449H1PI95jA4OjQ==}
    engines: {node: '>= 10'}
    cpu: [x64]
    os: [linux]
    libc: [musl]

  '@reflink/reflink-win32-arm64-msvc@0.1.19':
    resolution: {integrity: sha512-09PxnVIQcd+UOn4WAW73WU6PXL7DwGS6wPlkMhMg2zlHHG65F3vHepOw06HFCq+N42qkaNAc8AKIabWvtk6cIQ==}
    engines: {node: '>= 10'}
    cpu: [arm64]
    os: [win32]

  '@reflink/reflink-win32-x64-msvc@0.1.19':
    resolution: {integrity: sha512-E//yT4ni2SyhwP8JRjVGWr3cbnhWDiPLgnQ66qqaanjjnMiu3O/2tjCPQXlcGc/DEYofpDc9fvhv6tALQsMV9w==}
    engines: {node: '>= 10'}
    cpu: [x64]
    os: [win32]

  '@reflink/reflink@0.1.19':
    resolution: {integrity: sha512-DmCG8GzysnCZ15bres3N5AHCmwBwYgp0As6xjhQ47rAUTUXxJiK+lLUxaGsX3hd/30qUpVElh05PbGuxRPgJwA==}
    engines: {node: '>= 10'}

  detect-libc@2.1.2:
    resolution: {integrity: sha512-Btj2BOOO83o3WyH59e8MgXsxEQVcarkUOpEYrubB0urwnN10yQ364rsiByU11nZlqWYZm05i/of7io4mzihBtQ==}
    engines: {node: '>=8'}

  pnpm@11.5.0:
    resolution: {integrity: sha512-2/zE+Bz0hZev1Lw5H/3xLBHxqfuDo5W/prCi2cwv2P/rr9scy9UpYyFT95OQTCYVt/Cf4aNFRz/Rw1hFFyqOsQ==}
    engines: {node: '>=22.13'}
    hasBin: true

snapshots:

  '@pnpm/exe@11.5.0':
    dependencies:
      '@reflink/reflink': 0.1.19
      detect-libc: 2.1.2
    optionalDependencies:
      '@pnpm/linux-arm64': 11.5.0
      '@pnpm/linux-x64': 11.5.0
      '@pnpm/linuxstatic-arm64': 11.5.0
      '@pnpm/linuxstatic-x64': 11.5.0
      '@pnpm/macos-arm64': 11.5.0
      '@pnpm/win-arm64': 11.5.0
      '@pnpm/win-x64': 11.5.0

  '@pnpm/linux-arm64@11.5.0':
    optional: true

  '@pnpm/linux-x64@11.5.0':
    optional: true

  '@pnpm/linuxstatic-arm64@11.5.0':
    optional: true

  '@pnpm/linuxstatic-x64@11.5.0':
    optional: true

  '@pnpm/macos-arm64@11.5.0':
    optional: true

  '@pnpm/win-arm64@11.5.0':
    optional: true

  '@pnpm/win-x64@11.5.0':
    optional: true

  '@reflink/reflink-darwin-arm64@0.1.19':
    optional: true

  '@reflink/reflink-darwin-x64@0.1.19':
    optional: true

  '@reflink/reflink-linux-arm64-gnu@0.1.19':
    optional: true

  '@reflink/reflink-linux-arm64-musl@0.1.19':
    optional: true

  '@reflink/reflink-linux-x64-gnu@0.1.19':
    optional: true

  '@reflink/reflink-linux-x64-musl@0.1.19':
    optional: true

  '@reflink/reflink-win32-arm64-msvc@0.1.19':
    optional: true

  '@reflink/reflink-win32-x64-msvc@0.1.19':
    optional: true

  '@reflink/reflink@0.1.19':
    optionalDependencies:
      '@reflink/reflink-darwin-arm64': 0.1.19
      '@reflink/reflink-darwin-x64': 0.1.19
      '@reflink/reflink-linux-arm64-gnu': 0.1.19
      '@reflink/reflink-linux-arm64-musl': 0.1.19
      '@reflink/reflink-linux-x64-gnu': 0.1.19
      '@reflink/reflink-linux-x64-musl': 0.1.19
      '@reflink/reflink-win32-arm64-msvc': 0.1.19
      '@reflink/reflink-win32-x64-msvc': 0.1.19

  detect-libc@2.1.2: {}

  pnpm@11.5.0: {}

---
lockfileVersion: '9.0'

settings:
  autoInstallPeers: true
  excludeLinksFromLockfile: false

importers:

  .:
    dependencies:
      node:
        specifier: runtime:^24.16.0
        version: runtime:24.16.0
      pinia:
        specifier: ^3.0.4
        version: 3.0.4(vue@3.5.35)
      vue:
        specifier: ^3.5.35
        version: 3.5.35
      vue-color:
        specifier: ^3.3.3
        version: 3.3.3(vue@3.5.35)
    devDependencies:
      '@vitejs/plugin-vue':
        specifier: ^6.0.7
        version: 6.0.7(vite@8.0.14)(vue@3.5.35)
      '@vue/compiler-sfc':
        specifier: ^3.5.35
        version: 3.5.35
      vite:
        specifier: ^8.0.14
        version: 8.0.14

packages:

  '@babel/helper-string-parser@7.29.7':
    resolution: {integrity: sha512-Pb5ijPrZ89GDH8223L4UP8i6QApWxs04RbPQJTeWDV0/keR2E36MeKnyr6LYmUUvqRRI+Iv87SuF1W6ErINzYw==}
    engines: {node: '>=6.9.0'}

  '@babel/helper-validator-identifier@7.29.7':
    resolution: {integrity: sha512-qehxGkRj55h/ff8EMaJ+cYhyaKlHIxqYDn682wQD7RNp9UujOQsHog2uS0r2vzr4pW+sXf90NeeayjcNaX3fFg==}
    engines: {node: '>=6.9.0'}

  '@babel/parser@7.29.7':
    resolution: {integrity: sha512-hnORnjP/1P/zFEndoeX+n+t1RwWRJiJpM/jO7FW32Kn9r5+sJB2JWOdYo4L6k78j15eCwY3Gm/7364B1EMwtNg==}
    engines: {node: '>=6.0.0'}
    hasBin: true

  '@babel/types@7.29.7':
    resolution: {integrity: sha512-4zBIxpPzowiZpusoFkyGVwakdRJUyuH5PxQ/PrqghfdFWWasvnCdPfQXHrenDai+gyLARulZjZowCOj6fjT4pA==}
    engines: {node: '>=6.9.0'}

  '@emnapi/core@1.10.0':
    resolution: {integrity: sha512-yq6OkJ4p82CAfPl0u9mQebQHKPJkY7WrIuk205cTYnYe+k2Z8YBh11FrbRG/H6ihirqcacOgl2BIO8oyMQLeXw==}

  '@emnapi/runtime@1.10.0':
    resolution: {integrity: sha512-ewvYlk86xUoGI0zQRNq/mC+16R1QeDlKQy21Ki3oSYXNgLb45GV1P6A0M+/s6nyCuNDqe5VpaY84BzXGwVbwFA==}

  '@emnapi/wasi-threads@1.2.1':
    resolution: {integrity: sha512-uTII7OYF+/Mes/MrcIOYp5yOtSMLBWSIoLPpcgwipoiKbli6k322tcoFsxoIIxPDqW01SQGAgko4EzZi2BNv2w==}

  '@jridgewell/sourcemap-codec@1.5.5':
    resolution: {integrity: sha512-cYQ9310grqxueWbl+WuIUIaiUaDcj7WOq5fVhEljNVgRfOUhY9fy2zTvfoqWsnebh8Sl70VScFbICvJnLKB0Og==}

  '@napi-rs/wasm-runtime@1.1.4':
    resolution: {integrity: sha512-3NQNNgA1YSlJb/kMH1ildASP9HW7/7kYnRI2szWJaofaS1hWmbGI4H+d3+22aGzXXN9IJ+n+GiFVcGipJP18ow==}
    peerDependencies:
      '@emnapi/core': ^1.7.1
      '@emnapi/runtime': ^1.7.1

  '@oxc-project/types@0.132.0':
    resolution: {integrity: sha512-FESMOxil5Se014ui/Eq8fT5uHJo6nIRwH0PfJrZJXs6Gek3ZVFOrpUv3YIZT20m+extU98Hg1Ym72U58rlsxUQ==}

  '@rolldown/binding-android-arm64@1.0.2':
    resolution: {integrity: sha512-ZS4D1JPGn/MYQN/SYDWftIE/nVsM8j/AFOYEzAoOE2O3NktQOZru+/vYXGbR/qtdLdIfGCP0lcoJiYVzsEz+iQ==}
    engines: {node: ^20.19.0 || >=22.12.0}
    cpu: [arm64]
    os: [android]

  '@rolldown/binding-darwin-arm64@1.0.2':
    resolution: {integrity: sha512-vdFA9+C/rekyGce7WqHs/xoT0ioZEWaOFyZLIV1mEeNFaFDUQrPIo8Vs2GvJ6eetb3rzDUtUBgzto3ExpXJB3w==}
    engines: {node: ^20.19.0 || >=22.12.0}
    cpu: [arm64]
    os: [darwin]

  '@rolldown/binding-darwin-x64@1.0.2':
    resolution: {integrity: sha512-BewSOwTHazv77DTYiAZXSqqKZ4KP/KonFisDMVU7PImxoWfB2aepnPhd2E4SWz3zDzYgDNbs6jBmTdgNnF02GA==}
    engines: {node: ^20.19.0 || >=22.12.0}
    cpu: [x64]
    os: [darwin]

  '@rolldown/binding-freebsd-x64@1.0.2':
    resolution: {integrity: sha512-m41o7M0YWtUdqk61Tb+jnKb2rN++iRdIASlExkUoKfIAH30DOHCB8fVLzSUpbWHHU8esmEioY62PxzexE8MBuA==}
    engines: {node: ^20.19.0 || >=22.12.0}
    cpu: [x64]
    os: [freebsd]

  '@rolldown/binding-linux-arm-gnueabihf@1.0.2':
    resolution: {integrity: sha512-jcojB9H7W/jS29pMKWAK1N+fU99vXodHDTatS3b3y/XSOCiHo0kkA74pL3jJmkoQtYpOCxDvaKs1fo2Ij/1X5w==}
    engines: {node: ^20.19.0 || >=22.12.0}
    cpu: [arm]
    os: [linux]

  '@rolldown/binding-linux-arm64-gnu@1.0.2':
    resolution: {integrity: sha512-1jn6qDU5iiOgFgygDzKUuKP0maTi0/f1+sBLgvij/76C77Nm3ts6ufz9Bjg5q5dduxiUIxtq86JIoBvo1xQ4Ig==}
    engines: {node: ^20.19.0 || >=22.12.0}
    cpu: [arm64]
    os: [linux]
    libc: [glibc]

  '@rolldown/binding-linux-arm64-musl@1.0.2':
    resolution: {integrity: sha512-QVLO/czFMdoMFSqlX3bcswcJNm/23r+qoa/jgtmFc/qEp6/jXmIkDjF/XIo8dPfGaiwy1xfQn8o77L79GeXFgw==}
    engines: {node: ^20.19.0 || >=22.12.0}
    cpu: [arm64]
    os: [linux]
    libc: [musl]

  '@rolldown/binding-linux-ppc64-gnu@1.0.2':
    resolution: {integrity: sha512-hgO5Abm0w5UL6FEa2iFnZqo2KlK7TQ5QhV5x09hujBf7t5KzHQ1VmfPuTpqRy/rNlSxua3eWH374xxiVrP+lcA==}
    engines: {node: ^20.19.0 || >=22.12.0}
    cpu: [ppc64]
    os: [linux]
    libc: [glibc]

  '@rolldown/binding-linux-s390x-gnu@1.0.2':
    resolution: {integrity: sha512-fy8rXxuYEu602abC8MUNaPjYLIFzReOaEIEMKMUa0rFEUxNpVXhs15KSSQ4qlqSaM7B6rcj9rDZgADh/IGDzLQ==}
    engines: {node: ^20.19.0 || >=22.12.0}
    cpu: [s390x]
    os: [linux]
    libc: [glibc]

  '@rolldown/binding-linux-x64-gnu@1.0.2':
    resolution: {integrity: sha512-0+bOkiQ779+r1WpoHOWHqncvyySci0vKph+myNDYb+im6meJAzHQXay6oEgnkHuUGouM1LKTZwqKpBow6Kj7CQ==}
    engines: {node: ^20.19.0 || >=22.12.0}
    cpu: [x64]
    os: [linux]
    libc: [glibc]

  '@rolldown/binding-linux-x64-musl@1.0.2':
    resolution: {integrity: sha512-mjSkrzZK5Qsl0a9d1JgILOiuZOSDTVdKENcSXBoqbzSrspLR/4/IRVDo5wd2GgZjNss/viBFJdeq+j7qH2nypw==}
    engines: {node: ^20.19.0 || >=22.12.0}
    cpu: [x64]
    os: [linux]
    libc: [musl]

  '@rolldown/binding-openharmony-arm64@1.0.2':
    resolution: {integrity: sha512-1v5vHasdfQAZoEHakBV72LIFAC9JjnymsiKxp+GEr/ma3+NJCPSaYK+qavInOovJkgwFrs7GccX2d6IgDA3Z5w==}
    engines: {node: ^20.19.0 || >=22.12.0}
    cpu: [arm64]
    os: [openharmony]

  '@rolldown/binding-wasm32-wasi@1.0.2':
    resolution: {integrity: sha512-mb1VobWn6NheziTk5/WEaR6AKVbrwT5sOi6C7zk3gy/pD1qtJfU1j4PgTo2NJnOtbL9Dl3Aeei8w9jJ7qC2jZQ==}
    engines: {node: ^20.19.0 || >=22.12.0}
    cpu: [wasm32]

  '@rolldown/binding-win32-arm64-msvc@1.0.2':
    resolution: {integrity: sha512-SqKonF56vA/L2yHwHYcEp2P34URpOZ7d1fS635cTkpDnUtEGdUbhI6NzsPdqeSWvAAeGDrxjWjNmibDIdFf9/A==}
    engines: {node: ^20.19.0 || >=22.12.0}
    cpu: [arm64]
    os: [win32]

  '@rolldown/binding-win32-x64-msvc@1.0.2':
    resolution: {integrity: sha512-v7qRI7gXLRINcOGXt+7YmAZ6iFuyZVMIoXAxhd8oP+DR9dLfL9GfNIx7PLMxmhZdvq8waUJBQiWN9EKNy+TRBQ==}
    engines: {node: ^20.19.0 || >=22.12.0}
    cpu: [x64]
    os: [win32]

  '@rolldown/pluginutils@1.0.1':
    resolution: {integrity: sha512-2j9bGt5Jh8hj+vPtgzPtl72j0yRxHAyumoo6TNfAjsLB04UtpSvPbPcDcBMxz7n+9CYB0c1GxQFxYRg2jimqGw==}

  '@tybys/wasm-util@0.10.2':
    resolution: {integrity: sha512-RoBvJ2X0wuKlWFIjrwffGw1IqZHKQqzIchKaadZZfnNpsAYp2mM0h36JtPCjNDAHGgYez/15uMBpfGwchhiMgg==}

  '@vitejs/plugin-vue@6.0.7':
    resolution: {integrity: sha512-km+p+XdSz9Sxm5rqUbqcSfZYaAniKxWBj1KURl+Jr7UaPvvX7BmaWMdP69I5rrFDeQGyxAG7NXdc57vz+snhWg==}
    engines: {node: ^20.19.0 || >=22.12.0}
    peerDependencies:
      vite: ^5.0.0 || ^6.0.0 || ^7.0.0 || ^8.0.0
      vue: ^3.2.25

  '@vue/compiler-core@3.5.35':
    resolution: {integrity: sha512-BUmHaR1J+O+CKZ9uJucdVTEr1LHsdyvv7vG3eNRhK3CczEHeMd/LtsHAuD7PbrxvI2envCY2v7HI1vC1aBRzKw==}

  '@vue/compiler-dom@3.5.35':
    resolution: {integrity: sha512-k+bprkXxuqhVajgTx5mUHuir7TwQzUKOWR40ng1ncAqQRPnrLngGGgqVEEhOnTMlc8btHYVKmrP8s5Qyg0hvYA==}

  '@vue/compiler-sfc@3.5.35':
    resolution: {integrity: sha512-G5VPMcXTSywXBgtFOZOnHKBxKSrwXUcvY1iaF5/hRcy7t0J6CH/d8ha9F4nzi00Fax1eLV0QHM7v4mQu68jydw==}

  '@vue/compiler-ssr@3.5.35':
    resolution: {integrity: sha512-rGhAeXgdM7/ffTJGXT69rCCdTmjDewnFuUZfBQQHTdcEBeWdT5HCGY60y2ytLJr9/Dsu7IntUi5z/w0h6Rjnzw==}

  '@vue/devtools-api@7.7.9':
    resolution: {integrity: sha512-kIE8wvwlcZ6TJTbNeU2HQNtaxLx3a84aotTITUuL/4bzfPxzajGBOoqjMhwZJ8L9qFYDU/lAYMEEm11dnZOD6g==}

  '@vue/devtools-kit@7.7.9':
    resolution: {integrity: sha512-PyQ6odHSgiDVd4hnTP+aDk2X4gl2HmLDfiyEnn3/oV+ckFDuswRs4IbBT7vacMuGdwY/XemxBoh302ctbsptuA==}

  '@vue/devtools-shared@7.7.9':
    resolution: {integrity: sha512-iWAb0v2WYf0QWmxCGy0seZNDPdO3Sp5+u78ORnyeonS6MT4PC7VPrryX2BpMJrwlDeaZ6BD4vP4XKjK0SZqaeA==}

  '@vue/reactivity@3.5.35':
    resolution: {integrity: sha512-tVc+SsHConvh/Lz64qq1pP3rYArBmK42xonovEcxY74SQtvctZodG/zhq54P5dr38cVuw25d27cPNRdlMidpGQ==}

  '@vue/runtime-core@3.5.35':
    resolution: {integrity: sha512-A/xFNX9loIcWDygeQuNCfKuh0CoYBzxhqEMNah5TSFg9Z53DrFYEN2qi5CU9necjM1OWYegYREUTHmXTmhfXtg==}

  '@vue/runtime-dom@3.5.35':
    resolution: {integrity: sha512-odrJ1C391dbGnyDRh8U+rnP7J2amIEzfmRk5vXy7xi3aZhEXofTvpi0T4HJb6jlNqQZTNPR5MPHSB3RHNkIORA==}

  '@vue/server-renderer@3.5.35':
    resolution: {integrity: sha512-NkebSOYdB97wi8OQcO3HqzZSlymJi/aWsN/7h74OSVhRTm6qGs3Jp3e0rCXynmWwSlKeRrnlIug+ilYoHBmQDA==}
    peerDependencies:
      vue: 3.5.35

  '@vue/shared@3.5.35':
    resolution: {integrity: sha512-zSbjL7gRXwks2ZQLRGCajBtBXEOXW9Ddhn/HvSdrGkE2dqGnumzW8XtusRrxrE9LvqtiqDXQ+A60Hp6mvdYxfA==}

  birpc@2.9.0:
    resolution: {integrity: sha512-KrayHS5pBi69Xi9JmvoqrIgYGDkD6mcSe/i6YKi3w5kekCLzrX4+nawcXqrj2tIp50Kw/mT/s3p+GVK0A0sKxw==}

  copy-anything@4.0.5:
    resolution: {integrity: sha512-7Vv6asjS4gMOuILabD3l739tsaxFQmC+a7pLZm02zyvs8p977bL3zEgq3yDk5rn9B0PbYgIv++jmHcuUab4RhA==}
    engines: {node: '>=18'}

  csstype@3.2.3:
    resolution: {integrity: sha512-z1HGKcYy2xA8AGQfwrn0PAy+PB7X/GSj3UVJW9qKyn43xWa+gl5nXmU4qqLMRzWVLFC8KusUX8T/0kCiOYpAIQ==}

  detect-libc@2.1.2:
    resolution: {integrity: sha512-Btj2BOOO83o3WyH59e8MgXsxEQVcarkUOpEYrubB0urwnN10yQ364rsiByU11nZlqWYZm05i/of7io4mzihBtQ==}
    engines: {node: '>=8'}

  entities@7.0.1:
    resolution: {integrity: sha512-TWrgLOFUQTH994YUyl1yT4uyavY5nNB5muff+RtWaqNVCAK408b5ZnnbNAUEWLTCpum9w6arT70i1XdQ4UeOPA==}
    engines: {node: '>=0.12'}

  estree-walker@2.0.2:
    resolution: {integrity: sha512-Rfkk/Mp/DL7JVje3u18FxFujQlTNR2q6QfMSMB7AvCBx91NGj/ba3kCfza0f6dVDbw7YlRf/nDrn7pQrCCyQ/w==}

  fdir@6.5.0:
    resolution: {integrity: sha512-tIbYtZbucOs0BRGqPJkshJUYdL+SDH7dVM8gjy+ERp3WAUjLEFJE+02kanyHtwjWOnwrKYBiwAmM0p4kLJAnXg==}
    engines: {node: '>=12.0.0'}
    peerDependencies:
      picomatch: ^3 || ^4
    peerDependenciesMeta:
      picomatch:
        optional: true

  fsevents@2.3.3:
    resolution: {integrity: sha512-5xoDfX+fL7faATnagmWPpbFtwh/R77WmMMqqHGS65C3vvB0YHrgF+B1YmZ3441tMj5n63k0212XNoJwzlhffQw==}
    engines: {node: ^8.16.0 || ^10.6.0 || >=11.0.0}
    os: [darwin]

  hookable@5.5.3:
    resolution: {integrity: sha512-Yc+BQe8SvoXH1643Qez1zqLRmbA5rCL+sSmk6TVos0LWVfNIB7PGncdlId77WzLGSIB5KaWgTaNTs2lNVEI6VQ==}

  is-what@5.5.0:
    resolution: {integrity: sha512-oG7cgbmg5kLYae2N5IVd3jm2s+vldjxJzK1pcu9LfpGuQ93MQSzo0okvRna+7y5ifrD+20FE8FvjusyGaz14fw==}
    engines: {node: '>=18'}

  lightningcss-android-arm64@1.32.0:
    resolution: {integrity: sha512-YK7/ClTt4kAK0vo6w3X+Pnm0D2cf2vPHbhOXdoNti1Ga0al1P4TBZhwjATvjNwLEBCnKvjJc2jQgHXH0NEwlAg==}
    engines: {node: '>= 12.0.0'}
    cpu: [arm64]
    os: [android]

  lightningcss-darwin-arm64@1.32.0:
    resolution: {integrity: sha512-RzeG9Ju5bag2Bv1/lwlVJvBE3q6TtXskdZLLCyfg5pt+HLz9BqlICO7LZM7VHNTTn/5PRhHFBSjk5lc4cmscPQ==}
    engines: {node: '>= 12.0.0'}
    cpu: [arm64]
    os: [darwin]

  lightningcss-darwin-x64@1.32.0:
    resolution: {integrity: sha512-U+QsBp2m/s2wqpUYT/6wnlagdZbtZdndSmut/NJqlCcMLTWp5muCrID+K5UJ6jqD2BFshejCYXniPDbNh73V8w==}
    engines: {node: '>= 12.0.0'}
    cpu: [x64]
    os: [darwin]

  lightningcss-freebsd-x64@1.32.0:
    resolution: {integrity: sha512-JCTigedEksZk3tHTTthnMdVfGf61Fky8Ji2E4YjUTEQX14xiy/lTzXnu1vwiZe3bYe0q+SpsSH/CTeDXK6WHig==}
    engines: {node: '>= 12.0.0'}
    cpu: [x64]
    os: [freebsd]

  lightningcss-linux-arm-gnueabihf@1.32.0:
    resolution: {integrity: sha512-x6rnnpRa2GL0zQOkt6rts3YDPzduLpWvwAF6EMhXFVZXD4tPrBkEFqzGowzCsIWsPjqSK+tyNEODUBXeeVHSkw==}
    engines: {node: '>= 12.0.0'}
    cpu: [arm]
    os: [linux]

  lightningcss-linux-arm64-gnu@1.32.0:
    resolution: {integrity: sha512-0nnMyoyOLRJXfbMOilaSRcLH3Jw5z9HDNGfT/gwCPgaDjnx0i8w7vBzFLFR1f6CMLKF8gVbebmkUN3fa/kQJpQ==}
    engines: {node: '>= 12.0.0'}
    cpu: [arm64]
    os: [linux]
    libc: [glibc]

  lightningcss-linux-arm64-musl@1.32.0:
    resolution: {integrity: sha512-UpQkoenr4UJEzgVIYpI80lDFvRmPVg6oqboNHfoH4CQIfNA+HOrZ7Mo7KZP02dC6LjghPQJeBsvXhJod/wnIBg==}
    engines: {node: '>= 12.0.0'}
    cpu: [arm64]
    os: [linux]
    libc: [musl]

  lightningcss-linux-x64-gnu@1.32.0:
    resolution: {integrity: sha512-V7Qr52IhZmdKPVr+Vtw8o+WLsQJYCTd8loIfpDaMRWGUZfBOYEJeyJIkqGIDMZPwPx24pUMfwSxxI8phr/MbOA==}
    engines: {node: '>= 12.0.0'}
    cpu: [x64]
    os: [linux]
    libc: [glibc]

  lightningcss-linux-x64-musl@1.32.0:
    resolution: {integrity: sha512-bYcLp+Vb0awsiXg/80uCRezCYHNg1/l3mt0gzHnWV9XP1W5sKa5/TCdGWaR/zBM2PeF/HbsQv/j2URNOiVuxWg==}
    engines: {node: '>= 12.0.0'}
    cpu: [x64]
    os: [linux]
    libc: [musl]

  lightningcss-win32-arm64-msvc@1.32.0:
    resolution: {integrity: sha512-8SbC8BR40pS6baCM8sbtYDSwEVQd4JlFTOlaD3gWGHfThTcABnNDBda6eTZeqbofalIJhFx0qKzgHJmcPTnGdw==}
    engines: {node: '>= 12.0.0'}
    cpu: [arm64]
    os: [win32]

  lightningcss-win32-x64-msvc@1.32.0:
    resolution: {integrity: sha512-Amq9B/SoZYdDi1kFrojnoqPLxYhQ4Wo5XiL8EVJrVsB8ARoC1PWW6VGtT0WKCemjy8aC+louJnjS7U18x3b06Q==}
    engines: {node: '>= 12.0.0'}
    cpu: [x64]
    os: [win32]

  lightningcss@1.32.0:
    resolution: {integrity: sha512-NXYBzinNrblfraPGyrbPoD19C1h9lfI/1mzgWYvXUTe414Gz/X1FD2XBZSZM7rRTrMA8JL3OtAaGifrIKhQ5yQ==}
    engines: {node: '>= 12.0.0'}

  magic-string@0.30.21:
    resolution: {integrity: sha512-vd2F4YUyEXKGcLHoq+TEyCjxueSeHnFxyyjNp80yg0XV4vUhnDer/lvvlqM/arB5bXQN5K2/3oinyCRyx8T2CQ==}

  material-colors@1.2.6:
    resolution: {integrity: sha512-6qE4B9deFBIa9YSpOc9O0Sgc43zTeVYbgDT5veRKSlB2+ZuHNoVVxA1L/ckMUayV9Ay9y7Z/SZCLcGteW9i7bg==}

  mitt@3.0.1:
    resolution: {integrity: sha512-vKivATfr97l2/QBCYAkXYDbrIWPM2IIKEl7YPhjCvKlG3kE2gm+uBo6nEXK3M5/Ffh/FLpKExzOQ3JJoJGFKBw==}

  nanoid@3.3.12:
    resolution: {integrity: sha512-ZB9RH/39qpq5Vu6Y+NmUaFhQR6pp+M2Xt76XBnEwDaGcVAqhlvxrl3B2bKS5D3NH3QR76v3aSrKaF/Kiy7lEtQ==}
    engines: {node: ^10 || ^12 || ^13.7 || ^14 || >=15.0.1}
    hasBin: true

  node@runtime:24.16.0:
    resolution:
      type: variations
      variants:
        - resolution:
            archive: tarball
            bin:
              node: bin/node
            integrity: sha256-MN/Y5EMiwnEoE/JeFjwlPK1TvkPgmJB7i1NIvxdKSWg=
            type: binary
            url: https://nodejs.org/download/release/v24.16.0/node-v24.16.0-aix-ppc64.tar.gz
          targets:
            - cpu: ppc64
              os: aix
        - resolution:
            archive: tarball
            bin:
              node: bin/node
            integrity: sha256-ORidq07rFXBsQkrwrAijBEyeSPfbEqfXf2t6r8fdXfY=
            type: binary
            url: https://nodejs.org/download/release/v24.16.0/node-v24.16.0-darwin-arm64.tar.gz
          targets:
            - cpu: arm64
              os: darwin
        - resolution:
            archive: tarball
            bin:
              node: bin/node
            integrity: sha256-KYtMezy4B2XIcD5CuQMkpOzjtmNJR7iedpw8mAq1UYU=
            type: binary
            url: https://nodejs.org/download/release/v24.16.0/node-v24.16.0-darwin-x64.tar.gz
          targets:
            - cpu: x64
              os: darwin
        - resolution:
            archive: tarball
            bin:
              node: bin/node
            integrity: sha256-WJ9bbdT8/uTf2nMBOQPJZquqir2T28nUNlRORytPDnQ=
            type: binary
            url: https://nodejs.org/download/release/v24.16.0/node-v24.16.0-linux-arm64.tar.gz
          targets:
            - cpu: arm64
              os: linux
        - resolution:
            archive: tarball
            bin:
              node: bin/node
            integrity: sha256-JStYIFNNwDBKKFQcmkRDfPpyAufyAiXSjUk5MsWOl6o=
            type: binary
            url: https://nodejs.org/download/release/v24.16.0/node-v24.16.0-linux-ppc64le.tar.gz
          targets:
            - cpu: ppc64le
              os: linux
        - resolution:
            archive: tarball
            bin:
              node: bin/node
            integrity: sha256-Vnrwl1s0BVFrmx3cZEKaI+yMWi+mzwE5EmGkzHdOPt0=
            type: binary
            url: https://nodejs.org/download/release/v24.16.0/node-v24.16.0-linux-s390x.tar.gz
          targets:
            - cpu: s390x
              os: linux
        - resolution:
            archive: tarball
            bin:
              node: bin/node
            integrity: sha256-L69qOH6bYriI4hxU8BJJ+ydTf/7PGELyn0yRnQpZoP8=
            type: binary
            url: https://nodejs.org/download/release/v24.16.0/node-v24.16.0-linux-x64.tar.gz
          targets:
            - cpu: x64
              os: linux
        - resolution:
            archive: zip
            bin:
              node: node.exe
            integrity: sha256-FINGEdTGs8BgVOcAdzK5BHTBbgsy85XgW1Wlce9xxtI=
            prefix: node-v24.16.0-win-arm64
            type: binary
            url: https://nodejs.org/download/release/v24.16.0/node-v24.16.0-win-arm64.zip
          targets:
            - cpu: arm64
              os: win32
        - resolution:
            archive: zip
            bin:
              node: node.exe
            integrity: sha256-7aypvVjsjpIDfaxOh31S9rj0MLgcGLV+JktOL7ERzVY=
            prefix: node-v24.16.0-win-x64
            type: binary
            url: https://nodejs.org/download/release/v24.16.0/node-v24.16.0-win-x64.zip
          targets:
            - cpu: x64
              os: win32
        - resolution:
            archive: tarball
            bin:
              node: bin/node
            integrity: sha256-hd3ieqc1A7A9rfoEEKgABntOP3Avt/yqO+ryhN/Maek=
            type: binary
            url: https://unofficial-builds.nodejs.org/download/release/v24.16.0/node-v24.16.0-linux-arm64-musl.tar.gz
          targets:
            - cpu: arm64
              os: linux
              libc: musl
        - resolution:
            archive: tarball
            bin:
              node: bin/node
            integrity: sha256-UN9djUdIktT3uQYWffNvd/W5OQj2PcUy3FaCGcq2WEE=
            type: binary
            url: https://unofficial-builds.nodejs.org/download/release/v24.16.0/node-v24.16.0-linux-x64-musl.tar.gz
          targets:
            - cpu: x64
              os: linux
              libc: musl
    version: 24.16.0
    hasBin: true

  perfect-debounce@1.0.0:
    resolution: {integrity: sha512-xCy9V055GLEqoFaHoC1SoLIaLmWctgCUaBaWxDZ7/Zx4CTyX7cJQLJOok/orfjZAh9kEYpjJa4d0KcJmCbctZA==}

  picocolors@1.1.1:
    resolution: {integrity: sha512-xceH2snhtb5M9liqDsmEw56le376mTZkEX/jEb/RxNFyegNul7eNslCXP9FDj/Lcu0X8KEyMceP2ntpaHrDEVA==}

  picomatch@4.0.4:
    resolution: {integrity: sha512-QP88BAKvMam/3NxH6vj2o21R6MjxZUAd6nlwAS/pnGvN9IVLocLHxGYIzFhg6fUQ+5th6P4dv4eW9jX3DSIj7A==}
    engines: {node: '>=12'}

  pinia@3.0.4:
    resolution: {integrity: sha512-l7pqLUFTI/+ESXn6k3nu30ZIzW5E2WZF/LaHJEpoq6ElcLD+wduZoB2kBN19du6K/4FDpPMazY2wJr+IndBtQw==}
    peerDependencies:
      typescript: '>=4.5.0'
      vue: ^3.5.11
    peerDependenciesMeta:
      typescript:
        optional: true

  postcss@8.5.15:
    resolution: {integrity: sha512-FfR8sjd4em2T6fb3I2MwAJU7HWVMr9zba+enmQeeWFfCbm+UOC/0X4DS8XtpUTMwWMGbjKYP7xjfNekzyGmB3A==}
    engines: {node: ^10 || ^12 || >=14}

  rfdc@1.4.1:
    resolution: {integrity: sha512-q1b3N5QkRUWUl7iyylaaj3kOpIT0N2i9MqIEQXP73GVsN9cw3fdx8X63cEmWhJGi2PPCF23Ijp7ktmd39rawIA==}

  rolldown@1.0.2:
    resolution: {integrity: sha512-oZx5zVDtVB44AW3eaifgDml1gWRDZGvjcfdxonE4swNPG98PrrXjaO/KrnUjzlMnztCCRVlUueA1kCXhARGk6g==}
    engines: {node: ^20.19.0 || >=22.12.0}
    hasBin: true

  source-map-js@1.2.1:
    resolution: {integrity: sha512-UXWMKhLOwVKb728IUtQPXxfYU+usdybtUrK/8uGE8CQMvrhOpwvzDBwj0QhSL7MQc7vIsISBG8VQ8+IDQxpfQA==}
    engines: {node: '>=0.10.0'}

  speakingurl@14.0.1:
    resolution: {integrity: sha512-1POYv7uv2gXoyGFpBCmpDVSNV74IfsWlDW216UPjbWufNf+bSU6GdbDsxdcxtfwb4xlI3yxzOTKClUosxARYrQ==}
    engines: {node: '>=0.10.0'}

  superjson@2.2.6:
    resolution: {integrity: sha512-H+ue8Zo4vJmV2nRjpx86P35lzwDT3nItnIsocgumgr0hHMQ+ZGq5vrERg9kJBo5AWGmxZDhzDo+WVIJqkB0cGA==}
    engines: {node: '>=16'}

  tinycolor2@1.6.0:
    resolution: {integrity: sha512-XPaBkWQJdsf3pLKJV9p4qN/S+fm2Oj8AIPo1BTUhg5oxkvm9+SVEGFdhyOz7tTdUTfvxMiAs4sp6/eZO2Ew+pw==}

  tinyglobby@0.2.17:
    resolution: {integrity: sha512-wXR/dYpcqKmfWpEdZjiKJOwCNFndD0DMnrW/cYjVGttEkBfVgcLFHoNrlj47mjOVic9yyNu65alsgF4NQyTa2g==}
    engines: {node: '>=12.0.0'}

  tslib@2.8.1:
    resolution: {integrity: sha512-oJFu94HQb+KVduSUQL7wnpmqnfmLsOA/nAh6b6EH0wCEoK0/mPeXU6c3wKDV83MkOuHPRHtSXKKU99IBazS/2w==}

  vite@8.0.14:
    resolution: {integrity: sha512-s4BJJ+5y1pYL6Otw51FHhVJQhPnuRinKig64g/1+EUNaJsd3gCKdD31IPFvswUgW9/60QT9oFHbZHbQK5imcxw==}
    engines: {node: ^20.19.0 || >=22.12.0}
    hasBin: true
    peerDependencies:
      '@types/node': ^20.19.0 || >=22.12.0
      '@vitejs/devtools': ^0.1.18
      esbuild: ^0.27.0 || ^0.28.0
      jiti: '>=1.21.0'
      less: ^4.0.0
      sass: ^1.70.0
      sass-embedded: ^1.70.0
      stylus: '>=0.54.8'
      sugarss: ^5.0.0
      terser: ^5.16.0
      tsx: ^4.8.1
      yaml: ^2.4.2
    peerDependenciesMeta:
      '@types/node':
        optional: true
      '@vitejs/devtools':
        optional: true
      esbuild:
        optional: true
      jiti:
        optional: true
      less:
        optional: true
      sass:
        optional: true
      sass-embedded:
        optional: true
      stylus:
        optional: true
      sugarss:
        optional: true
      terser:
        optional: true
      tsx:
        optional: true
      yaml:
        optional: true

  vue-color@3.3.3:
    resolution: {integrity: sha512-FW/9JXFbCHfFEGv6SFUuK/SE+K61pHoL7lxJMQXcU+Zt7s36Ui1/tMDc3vzGXPrxxRBB+NSzFt+71nEaUJ29dQ==}
    peerDependencies:
      vue: '>=2.7.0 <4.0.0'

  vue@3.5.35:
    resolution: {integrity: sha512-cx89fnr+0kVGHiNFG6y6s0bdjypJRFNZn6x3WPstNdQR1bi1mbB7h4v5IBGTsPJU3nK1+0Iqj3Zf+hZWMieR4Q==}
    peerDependencies:
      typescript: '*'
    peerDependenciesMeta:
      typescript:
        optional: true

snapshots:

  '@babel/helper-string-parser@7.29.7': {}

  '@babel/helper-validator-identifier@7.29.7': {}

  '@babel/parser@7.29.7':
    dependencies:
      '@babel/types': 7.29.7

  '@babel/types@7.29.7':
    dependencies:
      '@babel/helper-string-parser': 7.29.7
      '@babel/helper-validator-identifier': 7.29.7

  '@emnapi/core@1.10.0':
    dependencies:
      '@emnapi/wasi-threads': 1.2.1
      tslib: 2.8.1
    optional: true

  '@emnapi/runtime@1.10.0':
    dependencies:
      tslib: 2.8.1
    optional: true

  '@emnapi/wasi-threads@1.2.1':
    dependencies:
      tslib: 2.8.1
    optional: true

  '@jridgewell/sourcemap-codec@1.5.5': {}

  '@napi-rs/wasm-runtime@1.1.4(@emnapi/core@1.10.0)(@emnapi/runtime@1.10.0)':
    dependencies:
      '@emnapi/core': 1.10.0
      '@emnapi/runtime': 1.10.0
      '@tybys/wasm-util': 0.10.2
    optional: true

  '@oxc-project/types@0.132.0': {}

  '@rolldown/binding-android-arm64@1.0.2':
    optional: true

  '@rolldown/binding-darwin-arm64@1.0.2':
    optional: true

  '@rolldown/binding-darwin-x64@1.0.2':
    optional: true

  '@rolldown/binding-freebsd-x64@1.0.2':
    optional: true

  '@rolldown/binding-linux-arm-gnueabihf@1.0.2':
    optional: true

  '@rolldown/binding-linux-arm64-gnu@1.0.2':
    optional: true

  '@rolldown/binding-linux-arm64-musl@1.0.2':
    optional: true

  '@rolldown/binding-linux-ppc64-gnu@1.0.2':
    optional: true

  '@rolldown/binding-linux-s390x-gnu@1.0.2':
    optional: true

  '@rolldown/binding-linux-x64-gnu@1.0.2':
    optional: true

  '@rolldown/binding-linux-x64-musl@1.0.2':
    optional: true

  '@rolldown/binding-openharmony-arm64@1.0.2':
    optional: true

  '@rolldown/binding-wasm32-wasi@1.0.2':
    dependencies:
      '@emnapi/core': 1.10.0
      '@emnapi/runtime': 1.10.0
      '@napi-rs/wasm-runtime': 1.1.4(@emnapi/core@1.10.0)(@emnapi/runtime@1.10.0)
    optional: true

  '@rolldown/binding-win32-arm64-msvc@1.0.2':
    optional: true

  '@rolldown/binding-win32-x64-msvc@1.0.2':
    optional: true

  '@rolldown/pluginutils@1.0.1': {}

  '@tybys/wasm-util@0.10.2':
    dependencies:
      tslib: 2.8.1
    optional: true

  '@vitejs/plugin-vue@6.0.7(vite@8.0.14)(vue@3.5.35)':
    dependencies:
      '@rolldown/pluginutils': 1.0.1
      vite: 8.0.14
      vue: 3.5.35

  '@vue/compiler-core@3.5.35':
    dependencies:
      '@babel/parser': 7.29.7
      '@vue/shared': 3.5.35
      entities: 7.0.1
      estree-walker: 2.0.2
      source-map-js: 1.2.1

  '@vue/compiler-dom@3.5.35':
    dependencies:
      '@vue/compiler-core': 3.5.35
      '@vue/shared': 3.5.35

  '@vue/compiler-sfc@3.5.35':
    dependencies:
      '@babel/parser': 7.29.7
      '@vue/compiler-core': 3.5.35
      '@vue/compiler-dom': 3.5.35
      '@vue/compiler-ssr': 3.5.35
      '@vue/shared': 3.5.35
      estree-walker: 2.0.2
      magic-string: 0.30.21
      postcss: 8.5.15
      source-map-js: 1.2.1

  '@vue/compiler-ssr@3.5.35':
    dependencies:
      '@vue/compiler-dom': 3.5.35
      '@vue/shared': 3.5.35

  '@vue/devtools-api@7.7.9':
    dependencies:
      '@vue/devtools-kit': 7.7.9

  '@vue/devtools-kit@7.7.9':
    dependencies:
      '@vue/devtools-shared': 7.7.9
      birpc: 2.9.0
      hookable: 5.5.3
      mitt: 3.0.1
      perfect-debounce: 1.0.0
      speakingurl: 14.0.1
      superjson: 2.2.6

  '@vue/devtools-shared@7.7.9':
    dependencies:
      rfdc: 1.4.1

  '@vue/reactivity@3.5.35':
    dependencies:
      '@vue/shared': 3.5.35

  '@vue/runtime-core@3.5.35':
    dependencies:
      '@vue/reactivity': 3.5.35
      '@vue/shared': 3.5.35

  '@vue/runtime-dom@3.5.35':
    dependencies:
      '@vue/reactivity': 3.5.35
      '@vue/runtime-core': 3.5.35
      '@vue/shared': 3.5.35
      csstype: 3.2.3

  '@vue/server-renderer@3.5.35(vue@3.5.35)':
    dependencies:
      '@vue/compiler-ssr': 3.5.35
      '@vue/shared': 3.5.35
      vue: 3.5.35

  '@vue/shared@3.5.35': {}

  birpc@2.9.0: {}

  copy-anything@4.0.5:
    dependencies:
      is-what: 5.5.0

  csstype@3.2.3: {}

  detect-libc@2.1.2: {}

  entities@7.0.1: {}

  estree-walker@2.0.2: {}

  fdir@6.5.0(picomatch@4.0.4):
    optionalDependencies:
      picomatch: 4.0.4

  fsevents@2.3.3:
    optional: true

  hookable@5.5.3: {}

  is-what@5.5.0: {}

  lightningcss-android-arm64@1.32.0:
    optional: true

  lightningcss-darwin-arm64@1.32.0:
    optional: true

  lightningcss-darwin-x64@1.32.0:
    optional: true

  lightningcss-freebsd-x64@1.32.0:
    optional: true

  lightningcss-linux-arm-gnueabihf@1.32.0:
    optional: true

  lightningcss-linux-arm64-gnu@1.32.0:
    optional: true

  lightningcss-linux-arm64-musl@1.32.0:
    optional: true

  lightningcss-linux-x64-gnu@1.32.0:
    optional: true

  lightningcss-linux-x64-musl@1.32.0:
    optional: true

  lightningcss-win32-arm64-msvc@1.32.0:
    optional: true

  lightningcss-win32-x64-msvc@1.32.0:
    optional: true

  lightningcss@1.32.0:
    dependencies:
      detect-libc: 2.1.2
    optionalDependencies:
      lightningcss-android-arm64: 1.32.0
      lightningcss-darwin-arm64: 1.32.0
      lightningcss-darwin-x64: 1.32.0
      lightningcss-freebsd-x64: 1.32.0
      lightningcss-linux-arm-gnueabihf: 1.32.0
      lightningcss-linux-arm64-gnu: 1.32.0
      lightningcss-linux-arm64-musl: 1.32.0
      lightningcss-linux-x64-gnu: 1.32.0
      lightningcss-linux-x64-musl: 1.32.0
      lightningcss-win32-arm64-msvc: 1.32.0
      lightningcss-win32-x64-msvc: 1.32.0

  magic-string@0.30.21:
    dependencies:
      '@jridgewell/sourcemap-codec': 1.5.5

  material-colors@1.2.6: {}

  mitt@3.0.1: {}

  nanoid@3.3.12: {}

  node@runtime:24.16.0: {}

  perfect-debounce@1.0.0: {}

  picocolors@1.1.1: {}

  picomatch@4.0.4: {}

  pinia@3.0.4(vue@3.5.35):
    dependencies:
      '@vue/devtools-api': 7.7.9
      vue: 3.5.35

  postcss@8.5.15:
    dependencies:
      nanoid: 3.3.12
      picocolors: 1.1.1
      source-map-js: 1.2.1

  rfdc@1.4.1: {}

  rolldown@1.0.2:
    dependencies:
      '@oxc-project/types': 0.132.0
      '@rolldown/pluginutils': 1.0.1
    optionalDependencies:
      '@rolldown/binding-android-arm64': 1.0.2
      '@rolldown/binding-darwin-arm64': 1.0.2
      '@rolldown/binding-darwin-x64': 1.0.2
      '@rolldown/binding-freebsd-x64': 1.0.2
      '@rolldown/binding-linux-arm-gnueabihf': 1.0.2
      '@rolldown/binding-linux-arm64-gnu': 1.0.2
      '@rolldown/binding-linux-arm64-musl': 1.0.2
      '@rolldown/binding-linux-ppc64-gnu': 1.0.2
      '@rolldown/binding-linux-s390x-gnu': 1.0.2
      '@rolldown/binding-linux-x64-gnu': 1.0.2
      '@rolldown/binding-linux-x64-musl': 1.0.2
      '@rolldown/binding-openharmony-arm64': 1.0.2
      '@rolldown/binding-wasm32-wasi': 1.0.2
      '@rolldown/binding-win32-arm64-msvc': 1.0.2
      '@rolldown/binding-win32-x64-msvc': 1.0.2

  source-map-js@1.2.1: {}

  speakingurl@14.0.1: {}

  superjson@2.2.6:
    dependencies:
      copy-anything: 4.0.5

  tinycolor2@1.6.0: {}

  tinyglobby@0.2.17:
    dependencies:
      fdir: 6.5.0(picomatch@4.0.4)
      picomatch: 4.0.4

  tslib@2.8.1:
    optional: true

  vite@8.0.14:
    dependencies:
      lightningcss: 1.32.0
      picomatch: 4.0.4
      postcss: 8.5.15
      rolldown: 1.0.2
      tinyglobby: 0.2.17
    optionalDependencies:
      fsevents: 2.3.3

  vue-color@3.3.3(vue@3.5.35):
    dependencies:
      material-colors: 1.2.6
      tinycolor2: 1.6.0
      vue: 3.5.35

  vue@3.5.35:
    dependencies:
      '@vue/compiler-dom': 3.5.35
      '@vue/compiler-sfc': 3.5.35
      '@vue/runtime-dom': 3.5.35
      '@vue/server-renderer': 3.5.35(vue@3.5.35)
      '@vue/shared': 3.5.35
